
Microsoft Visual Studio Solution File, Format Version 10.00
# Visual Studio 2008
Project("{8BC9CEB8-8B4A-11D0-8D11-00A0C91BC942}") = "Earlgrey", "Earlgrey.vcproj", "{97815F93-C18E-4749-BAB1-B1917C7CE375}"
EndProject
Project("{8BC9CEB8-8B4A-11D0-8D11-00A0C91BC942}") = "cppunit", "..\..\vendor\cppunit\src\cppunit\cppunit.vcproj", "{267CA7C4-C30C-4A98-92AB-7A06705C36C9}"
EndProject
Project("{8BC9CEB8-8B4A-11D0-8D11-00A0C91BC942}") = "EarlgreyTest", "..\EarlgreyTest\EarlgreyTest.vcproj", "{3220CECB-7971-4CD5-8A8C-A73B35B7164D}"
	ProjectSection(ProjectDependencies) = postProject
		{97815F93-C18E-4749-BAB1-B1917C7CE375} = {97815F93-C18E-4749-BAB1-B1917C7CE375}
	EndProjectSection
EndProject
Project("{2150E333-8FDC-42A3-9474-1A3956D46DE8}") = "Solution Items", "Solution Items", "{1B08500D-61AE-4583-BCF6-F385A93ECD17}"
	ProjectSection(SolutionItems) = preProject
		Earlgrey.vsmdi = Earlgrey.vsmdi
		LocalTestRun.testrunconfig = LocalTestRun.testrunconfig
	EndProjectSection
EndProject
Project("{8BC9CEB8-8B4A-11D0-8D11-00A0C91BC942}") = "EarlgreyUnitTest", "..\EarlgreyUnitTest\EarlgreyUnitTest.vcproj", "{E9EB5AC0-9CC9-444F-9636-4399E76AB18E}"
EndProject
Global
	GlobalSection(TestCaseManagementSettings) = postSolution
		CategoryFile = Earlgrey.vsmdi
	EndGlobalSection
	GlobalSection(SolutionConfigurationPlatforms) = preSolution
		Debug|Win32 = Debug|Win32
		Release|Win32 = Release|Win32
	EndGlobalSection
	GlobalSection(ProjectConfigurationPlatforms) = postSolution
		{97815F93-C18E-4749-BAB1-B1917C7CE375}.Debug|Win32.ActiveCfg = Debug|Win32
		{97815F93-C18E-4749-BAB1-B1917C7CE375}.Debug|Win32.Build.0 = Debug|Win32
		{97815F93-C18E-4749-BAB1-B1917C7CE375}.Release|Win32.ActiveCfg = Release|Win32
		{97815F93-C18E-4749-BAB1-B1917C7CE375}.Release|Win32.Build.0 = Release|Win32
		{267CA7C4-C30C-4A98-92AB-7A06705C36C9}.Debug|Win32.ActiveCfg = Debug|Win32
		{267CA7C4-C30C-4A98-92AB-7A06705C36C9}.Debug|Win32.Build.0 = Debug|Win32
		{267CA7C4-C30C-4A98-92AB-7A06705C36C9}.Release|Win32.ActiveCfg = Release|Win32
		{267CA7C4-C30C-4A98-92AB-7A06705C36C9}.Release|Win32.Build.0 = Release|Win32
		{3220CECB-7971-4CD5-8A8C-A73B35B7164D}.Debug|Win32.ActiveCfg = Debug|Win32
		{3220CECB-7971-4CD5-8A8C-A73B35B7164D}.Debug|Win32.Build.0 = Debug|Win32
		{3220CECB-7971-4CD5-8A8C-A73B35B7164D}.Release|Win32.ActiveCfg = Release|Win32
		{3220CECB-7971-4CD5-8A8C-A73B35B7164D}.Release|Win32.Build.0 = Release|Win32
		{E9EB5AC0-9CC9-444F-9636-4399E76AB18E}.Debug|Win32.ActiveCfg = Debug|Win32
		{E9EB5AC0-9CC9-444F-9636-4399E76AB18E}.Debug|Win32.Build.0 = Debug|Win32
		{E9EB5AC0-9CC9-444F-9636-4399E76AB18E}.Release|Win32.ActiveCfg = Release|Win32
		{E9EB5AC0-9CC9-444F-9636-4399E76AB18E}.Release|Win32.Build.0 = Release|Win32
	EndGlobalSection
	GlobalSection(SolutionProperties) = preSolution
		HideSolutionNode = FALSE
	EndGlobalSection
EndGlobal
