<?xml version="1.0" encoding="utf-8"?>
<Project ToolsVersion="4.0" xmlns="http://schemas.microsoft.com/developer/msbuild/2003">
  <ItemGroup>
    <Filter Include="Source Files">
      <UniqueIdentifier>{4FC737F1-C7A5-4376-A066-2A32D752A2FF}</UniqueIdentifier>
      <Extensions>cpp;c;cc;cxx;def;odl;idl;hpj;bat;asm;asmx</Extensions>
    </Filter>
    <Filter Include="Source Files\ExternalLib">
      <UniqueIdentifier>{a322b4fc-3a8e-4b63-9f61-17701543cde5}</UniqueIdentifier>
    </Filter>
    <Filter Include="Source Files\ExternalLib\Loki">
      <UniqueIdentifier>{bb210a8d-880b-4bf9-9c17-1254a15c7a22}</UniqueIdentifier>
    </Filter>
    <Filter Include="Source Files\ProcessThread">
      <UniqueIdentifier>{17d96c28-8aae-44b6-bc54-0465af68d902}</UniqueIdentifier>
    </Filter>
    <Filter Include="Source Files\Diagnostics">
      <UniqueIdentifier>{5bfa6eb9-0768-4bce-8119-9295c0ee9df7}</UniqueIdentifier>
    </Filter>
    <Filter Include="Source Files\Diagnostics\UnhandledExceptionHandler">
      <UniqueIdentifier>{f878651d-a03e-4950-aee1-e73ef6860b01}</UniqueIdentifier>
    </Filter>
    <Filter Include="Source Files\Diagnostics\Log">
      <UniqueIdentifier>{4bf1ce79-2185-49b3-b143-a845cae97639}</UniqueIdentifier>
    </Filter>
    <Filter Include="Source Files\Memory">
      <UniqueIdentifier>{7e1d71cc-d061-418d-a34a-5e3b6c31d07f}</UniqueIdentifier>
    </Filter>
    <Filter Include="Source Files\Network">
      <UniqueIdentifier>{1277f30e-e6fc-4a67-966e-8515c97e2d57}</UniqueIdentifier>
    </Filter>
    <Filter Include="Source Files\Network\Mail">
      <UniqueIdentifier>{cb57f80b-87f5-43b8-ae33-1625697d86fc}</UniqueIdentifier>
    </Filter>
    <Filter Include="Source Files\RTTI">
      <UniqueIdentifier>{f3bcf052-27b0-422d-8705-cfe51b7202de}</UniqueIdentifier>
    </Filter>
    <Filter Include="Source Files\Algorithm">
      <UniqueIdentifier>{1b6a5f2b-9304-4d12-8c14-1b1e64471208}</UniqueIdentifier>
    </Filter>
    <Filter Include="Source Files\System">
      <UniqueIdentifier>{eb61bcde-1ed1-418b-8289-bb76e3450737}</UniqueIdentifier>
    </Filter>
    <Filter Include="Source Files\System\Win32Service">
      <UniqueIdentifier>{8d507a00-4e7d-4793-a20a-60325196c968}</UniqueIdentifier>
    </Filter>
    <Filter Include="Source Files\StlCustom">
      <UniqueIdentifier>{18da1da9-e05b-4df2-b78f-8216b00d6604}</UniqueIdentifier>
    </Filter>
    <Filter Include="Source Files\Configuration">
      <UniqueIdentifier>{1109d3be-f3ac-4742-8728-c1d586dc4d6c}</UniqueIdentifier>
    </Filter>
    <Filter Include="Header Files">
      <UniqueIdentifier>{93995380-89BD-4b04-88EB-625FBE52EBFB}</UniqueIdentifier>
      <Extensions>h;hpp;hxx;hm;inl;inc;xsd</Extensions>
    </Filter>
    <Filter Include="Header Files\ExternalLib">
      <UniqueIdentifier>{35510707-aa45-4751-89a2-b270e40d6334}</UniqueIdentifier>
    </Filter>
    <Filter Include="Header Files\ExternalLib\Loki">
      <UniqueIdentifier>{35a66d68-84d7-4420-8d22-a0270eea858f}</UniqueIdentifier>
    </Filter>
    <Filter Include="Header Files\ProcessThread">
      <UniqueIdentifier>{af26295d-3dc9-4083-9d87-9c89518fa93f}</UniqueIdentifier>
    </Filter>
    <Filter Include="Header Files\Diagnostics">
      <UniqueIdentifier>{20a8127c-c11d-49ca-a4d9-4c60117e875a}</UniqueIdentifier>
    </Filter>
    <Filter Include="Header Files\Diagnostics\UnhandledExceptionHandler">
      <UniqueIdentifier>{70cd39f5-f0d4-4e1a-b835-4445df5bda15}</UniqueIdentifier>
    </Filter>
    <Filter Include="Header Files\Diagnostics\Log">
      <UniqueIdentifier>{28320e19-2491-45bb-a021-1d7157d470f3}</UniqueIdentifier>
    </Filter>
    <Filter Include="Header Files\Memory">
      <UniqueIdentifier>{857a7814-7225-452d-b3a5-fca8d3b609aa}</UniqueIdentifier>
    </Filter>
    <Filter Include="Header Files\System">
      <UniqueIdentifier>{1e6fb698-2d3e-4fd2-9427-2e8354b65835}</UniqueIdentifier>
    </Filter>
    <Filter Include="Header Files\System\Win32Service">
      <UniqueIdentifier>{211150ba-4710-4d90-ba62-7984e6bb3870}</UniqueIdentifier>
    </Filter>
    <Filter Include="Header Files\PAL">
      <UniqueIdentifier>{f63c2bf9-9875-4760-aae6-76562dd170db}</UniqueIdentifier>
    </Filter>
    <Filter Include="Header Files\Network">
      <UniqueIdentifier>{53fc4bbd-840d-4c37-ba73-962f7fa8ca1d}</UniqueIdentifier>
    </Filter>
    <Filter Include="Header Files\Network\Mail">
      <UniqueIdentifier>{17052645-efbe-4156-817b-104dd321df02}</UniqueIdentifier>
    </Filter>
    <Filter Include="Header Files\RTTI">
      <UniqueIdentifier>{4bdf7ff1-a2e0-424f-b708-5ffcf13d9986}</UniqueIdentifier>
    </Filter>
    <Filter Include="Header Files\Algorithm">
      <UniqueIdentifier>{c231c1c4-179e-497a-a83f-6a3973d6a94a}</UniqueIdentifier>
    </Filter>
    <Filter Include="Header Files\Metaprogramming">
      <UniqueIdentifier>{1c840dc4-c139-4313-bebc-3edb3925f38c}</UniqueIdentifier>
    </Filter>
    <Filter Include="Header Files\Math">
      <UniqueIdentifier>{ad662ede-1f86-4d45-a022-2f453bc40bf1}</UniqueIdentifier>
    </Filter>
    <Filter Include="Header Files\StlCustom">
      <UniqueIdentifier>{01816cad-dbe0-4f93-8458-9589e5f90271}</UniqueIdentifier>
    </Filter>
    <Filter Include="Header Files\Object">
      <UniqueIdentifier>{a02e0a97-b322-4539-86c2-d284e49b9c28}</UniqueIdentifier>
    </Filter>
    <Filter Include="Header Files\IO">
      <UniqueIdentifier>{2a905261-a491-4895-9552-4c31642fb122}</UniqueIdentifier>
    </Filter>
    <Filter Include="Header Files\Configuration">
      <UniqueIdentifier>{8ffdf3c3-d3e2-406f-9f40-9ca8cd708fcf}</UniqueIdentifier>
    </Filter>
    <Filter Include="Resource Files">
      <UniqueIdentifier>{67DA6AB6-F800-4c08-8B7A-83BB121AAD01}</UniqueIdentifier>
      <Extensions>rc;ico;cur;bmp;dlg;rc2;rct;bin;rgs;gif;jpg;jpeg;jpe;resx;tiff;tif;png;wav</Extensions>
    </Filter>
  </ItemGroup>
  <ItemGroup>
    <ClCompile Include="src\Listener.cpp">
      <Filter>Source Files</Filter>
    </ClCompile>
    <ClCompile Include="src\SocketHelper.cpp">
      <Filter>Source Files</Filter>
    </ClCompile>
    <ClCompile Include="src\stdafx.cpp">
      <Filter>Source Files</Filter>
    </ClCompile>
    <ClCompile Include="src\Loki\Singleton.cpp">
      <Filter>Source Files\ExternalLib\Loki</Filter>
    </ClCompile>
    <ClCompile Include="src\EarlgreyProcess.cpp">
      <Filter>Source Files\ProcessThread</Filter>
    </ClCompile>
    <ClCompile Include="src\Executor.cpp">
      <Filter>Source Files\ProcessThread</Filter>
    </ClCompile>
    <ClCompile Include="src\NoLock.cpp">
      <Filter>Source Files\ProcessThread</Filter>
    </ClCompile>
    <ClCompile Include="src\ProcessModule.cpp">
      <Filter>Source Files\ProcessThread</Filter>
    </ClCompile>
    <ClCompile Include="src\Thread.cpp">
      <Filter>Source Files\ProcessThread</Filter>
    </ClCompile>
    <ClCompile Include="src\ThreadId.cpp">
      <Filter>Source Files\ProcessThread</Filter>
    </ClCompile>
    <ClCompile Include="src\ThreadLocal.cpp">
      <Filter>Source Files\ProcessThread</Filter>
    </ClCompile>
    <ClCompile Include="src\ThreadRunnable.cpp">
      <Filter>Source Files\ProcessThread</Filter>
    </ClCompile>
    <ClCompile Include="src\Timer.cpp">
      <Filter>Source Files\ProcessThread</Filter>
    </ClCompile>
    <ClCompile Include="src\TimerManager.cpp">
      <Filter>Source Files\ProcessThread</Filter>
    </ClCompile>
    <ClCompile Include="src\TimerRunnable.cpp">
      <Filter>Source Files\ProcessThread</Filter>
    </ClCompile>
    <ClCompile Include="src\EarlgreyAssert.cpp">
      <Filter>Source Files\Diagnostics</Filter>
    </ClCompile>
    <ClCompile Include="src\FileVersionInfo.cpp">
      <Filter>Source Files\Diagnostics</Filter>
    </ClCompile>
    <ClCompile Include="src\RuntimeCheck.cpp">
      <Filter>Source Files\Diagnostics</Filter>
    </ClCompile>
    <ClCompile Include="src\ExceptionEMailer.cpp">
      <Filter>Source Files\Diagnostics\UnhandledExceptionHandler</Filter>
    </ClCompile>
    <ClCompile Include="src\GlobalExceptionHandler.cpp">
      <Filter>Source Files\Diagnostics\UnhandledExceptionHandler</Filter>
    </ClCompile>
    <ClCompile Include="src\MiniDump.cpp">
      <Filter>Source Files\Diagnostics\UnhandledExceptionHandler</Filter>
    </ClCompile>
    <ClCompile Include="src\StackWriter.cpp">
      <Filter>Source Files\Diagnostics\UnhandledExceptionHandler</Filter>
    </ClCompile>
    <ClCompile Include="src\EventLog.cpp">
      <Filter>Source Files\Diagnostics\Log</Filter>
    </ClCompile>
    <ClCompile Include="src\Log.cpp">
      <Filter>Source Files\Diagnostics\Log</Filter>
    </ClCompile>
    <ClCompile Include="src\Logger.cpp">
      <Filter>Source Files\Diagnostics\Log</Filter>
    </ClCompile>
    <ClCompile Include="src\MemoryBlock.cpp">
      <Filter>Source Files\Memory</Filter>
    </ClCompile>
    <ClCompile Include="src\SlabAllocator.cpp">
      <Filter>Source Files\Memory</Filter>
    </ClCompile>
    <ClCompile Include="src\Acceptor.cpp">
      <Filter>Source Files\Network</Filter>
    </ClCompile>
    <ClCompile Include="src\AsyncStream.cpp">
      <Filter>Source Files\Network</Filter>
    </ClCompile>
    <ClCompile Include="src\Connection.cpp">
      <Filter>Source Files\Network</Filter>
    </ClCompile>
    <ClCompile Include="src\Connector.cpp">
      <Filter>Source Files\Network</Filter>
    </ClCompile>
    <ClCompile Include="src\Disconnector.cpp">
      <Filter>Source Files\Network</Filter>
    </ClCompile>
    <ClCompile Include="src\Dns.cpp">
      <Filter>Source Files\Network</Filter>
    </ClCompile>
    <ClCompile Include="src\InputStream.cpp">
      <Filter>Source Files\Network</Filter>
    </ClCompile>
    <ClCompile Include="src\IOCP.cpp">
      <Filter>Source Files\Network</Filter>
    </ClCompile>
    <ClCompile Include="src\IPAddress.cpp">
      <Filter>Source Files\Network</Filter>
    </ClCompile>
    <ClCompile Include="src\IPGlobalProperties.cpp">
      <Filter>Source Files\Network</Filter>
    </ClCompile>
    <ClCompile Include="src\IPHostEntry.cpp">
      <Filter>Source Files\Network</Filter>
    </ClCompile>
    <ClCompile Include="src\NetworkBuffer.cpp">
      <Filter>Source Files\Network</Filter>
    </ClCompile>
    <ClCompile Include="src\OutputStream.cpp">
      <Filter>Source Files\Network</Filter>
    </ClCompile>
    <ClCompile Include="src\PacketHandler.cpp">
      <Filter>Source Files\Network</Filter>
    </ClCompile>
    <ClCompile Include="src\Proactor.cpp">
      <Filter>Source Files\Network</Filter>
    </ClCompile>
    <ClCompile Include="src\Receiver.cpp">
      <Filter>Source Files\Network</Filter>
    </ClCompile>
    <ClCompile Include="src\Sender.cpp">
      <Filter>Source Files\Network</Filter>
    </ClCompile>
    <ClCompile Include="src\SmtpClient.cpp">
      <Filter>Source Files\Network</Filter>
    </ClCompile>
    <ClCompile Include="src\Socket.cpp">
      <Filter>Source Files\Network</Filter>
    </ClCompile>
    <ClCompile Include="src\SystemTcpStatistics.cpp">
      <Filter>Source Files\Network</Filter>
    </ClCompile>
    <ClCompile Include="src\WaitEvent.cpp">
      <Filter>Source Files\Network</Filter>
    </ClCompile>
    <ClCompile Include="src\WindowsFirewall.cpp">
      <Filter>Source Files\Network</Filter>
    </ClCompile>
    <ClCompile Include="src\lockfree.cpp">
      <Filter>Source Files\Algorithm</Filter>
    </ClCompile>
    <ClCompile Include="src\SinglyLinkedList.cpp">
      <Filter>Source Files\Algorithm</Filter>
    </ClCompile>
    <ClCompile Include="src\Application.cpp">
      <Filter>Source Files\System</Filter>
    </ClCompile>
    <ClCompile Include="src\COMHelper.cpp">
      <Filter>Source Files\System</Filter>
    </ClCompile>
    <ClCompile Include="src\Console.cpp">
      <Filter>Source Files\System</Filter>
    </ClCompile>
    <ClCompile Include="src\DateTime.cpp">
      <Filter>Source Files\System</Filter>
    </ClCompile>
    <ClCompile Include="src\Environment.cpp">
      <Filter>Source Files\System</Filter>
    </ClCompile>
    <ClCompile Include="src\File.cpp">
      <Filter>Source Files\System</Filter>
    </ClCompile>
    <ClCompile Include="src\Path.cpp">
      <Filter>Source Files\System</Filter>
    </ClCompile>
    <ClCompile Include="src\ProcessInitializer.cpp">
      <Filter>Source Files\System</Filter>
    </ClCompile>
    <ClCompile Include="src\Registry.cpp">
      <Filter>Source Files\System</Filter>
    </ClCompile>
    <ClCompile Include="src\RegistryKey.cpp">
      <Filter>Source Files\System</Filter>
    </ClCompile>
    <ClCompile Include="src\SingleAppInstance.cpp">
      <Filter>Source Files\System</Filter>
    </ClCompile>
    <ClCompile Include="src\StringHelper.cpp">
      <Filter>Source Files\System</Filter>
    </ClCompile>
    <ClCompile Include="src\TimeSpan.cpp">
      <Filter>Source Files\System</Filter>
    </ClCompile>
    <ClCompile Include="src\ServiceBase.cpp">
      <Filter>Source Files\System\Win32Service</Filter>
    </ClCompile>
    <ClCompile Include="src\ServiceHelper.cpp">
      <Filter>Source Files\System\Win32Service</Filter>
    </ClCompile>
    <ClCompile Include="src\ServiceInstaller.cpp">
      <Filter>Source Files\System\Win32Service</Filter>
    </ClCompile>
    <ClCompile Include="src\ServiceSettings.cpp">
      <Filter>Source Files\System\Win32Service</Filter>
    </ClCompile>
    <ClCompile Include="src\tiostream.cpp">
      <Filter>Source Files\StlCustom</Filter>
    </ClCompile>
    <ClCompile Include="src\DefaultAppSettings.cpp">
      <Filter>Source Files\Configuration</Filter>
    </ClCompile>
    <ClCompile Include="src\IniReader.cpp">
      <Filter>Source Files\Configuration</Filter>
    </ClCompile>
    <ClCompile Include="src\IniSection.cpp">
      <Filter>Source Files\Configuration</Filter>
    </ClCompile>
  </ItemGroup>
  <ItemGroup>
    <ClInclude Include="inc\BuildConfiguration.h">
      <Filter>Header Files</Filter>
    </ClInclude>
    <ClInclude Include="inc\Earlgrey.h">
      <Filter>Header Files</Filter>
    </ClInclude>
    <ClInclude Include="inc\EarlgreyPrivate.h">
      <Filter>Header Files</Filter>
    </ClInclude>
    <ClInclude Include="inc\Macros.h">
      <Filter>Header Files</Filter>
    </ClInclude>
    <ClInclude Include="resource.h">
      <Filter>Header Files</Filter>
    </ClInclude>
    <ClInclude Include="inc\SocketHelper.h">
      <Filter>Header Files</Filter>
    </ClInclude>
    <ClInclude Include="inc\stdafx.h">
      <Filter>Header Files</Filter>
    </ClInclude>
    <ClInclude Include="inc\targetver.h">
      <Filter>Header Files</Filter>
    </ClInclude>
    <ClInclude Include="inc\Uncopyable.h">
      <Filter>Header Files</Filter>
    </ClInclude>
    <ClInclude Include="inc\ThreadLocalSingleton.hpp">
      <Filter>Header Files\ExternalLib</Filter>
    </ClInclude>
    <ClInclude Include="inc\loki\LokiExport.h">
      <Filter>Header Files\ExternalLib\Loki</Filter>
    </ClInclude>
    <ClInclude Include="inc\loki\Singleton.h">
      <Filter>Header Files\ExternalLib\Loki</Filter>
    </ClInclude>
    <ClInclude Include="inc\loki\Threads.h">
      <Filter>Header Files\ExternalLib\Loki</Filter>
    </ClInclude>
    <ClInclude Include="inc\EarlgreyProcess.h">
      <Filter>Header Files\ProcessThread</Filter>
    </ClInclude>
    <ClInclude Include="inc\Executor.h">
      <Filter>Header Files\ProcessThread</Filter>
    </ClInclude>
    <ClInclude Include="inc\Lock.h">
      <Filter>Header Files\ProcessThread</Filter>
    </ClInclude>
    <ClInclude Include="inc\Mutex.h">
      <Filter>Header Files\ProcessThread</Filter>
    </ClInclude>
    <ClInclude Include="inc\NoLock.h">
      <Filter>Header Files\ProcessThread</Filter>
    </ClInclude>
    <ClInclude Include="inc\ProcessInitializer.h">
      <Filter>Header Files\ProcessThread</Filter>
    </ClInclude>
    <ClInclude Include="inc\ProcessModule.h">
      <Filter>Header Files\ProcessThread</Filter>
    </ClInclude>
    <ClInclude Include="inc\Runnable.h">
      <Filter>Header Files\ProcessThread</Filter>
    </ClInclude>
    <ClInclude Include="inc\ScopedLock.h">
      <Filter>Header Files\ProcessThread</Filter>
    </ClInclude>
    <ClInclude Include="inc\Thread.h">
      <Filter>Header Files\ProcessThread</Filter>
    </ClInclude>
    <ClInclude Include="inc\ThreadGroup.h">
      <Filter>Header Files\ProcessThread</Filter>
    </ClInclude>
    <ClInclude Include="inc\ThreadId.h">
      <Filter>Header Files\ProcessThread</Filter>
    </ClInclude>
    <ClInclude Include="inc\ThreadLocal.hpp">
      <Filter>Header Files\ProcessThread</Filter>
    </ClInclude>
    <ClInclude Include="inc\ThreadMessage.h">
      <Filter>Header Files\ProcessThread</Filter>
    </ClInclude>
    <ClInclude Include="inc\ThreadRunnable.h">
      <Filter>Header Files\ProcessThread</Filter>
    </ClInclude>
    <ClInclude Include="inc\Timer.h">
      <Filter>Header Files\ProcessThread</Filter>
    </ClInclude>
    <ClInclude Include="inc\TimerCallback.h">
      <Filter>Header Files\ProcessThread</Filter>
    </ClInclude>
    <ClInclude Include="inc\TimerManager.h">
      <Filter>Header Files\ProcessThread</Filter>
    </ClInclude>
    <ClInclude Include="inc\TimerRunnable.h">
      <Filter>Header Files\ProcessThread</Filter>
    </ClInclude>
    <ClInclude Include="inc\EarlgreyAssert.h">
      <Filter>Header Files\Diagnostics</Filter>
    </ClInclude>
    <ClInclude Include="inc\FileVersionInfo.h">
      <Filter>Header Files\Diagnostics</Filter>
    </ClInclude>
    <ClInclude Include="inc\RuntimeCheck.h">
      <Filter>Header Files\Diagnostics</Filter>
    </ClInclude>
    <ClInclude Include="inc\StaticAssert.h">
      <Filter>Header Files\Diagnostics</Filter>
    </ClInclude>
    <ClInclude Include="inc\UserDefinedCompilerMessage.h">
      <Filter>Header Files\Diagnostics</Filter>
    </ClInclude>
    <ClInclude Include="inc\ExceptionEMailer.h">
      <Filter>Header Files\Diagnostics\UnhandledExceptionHandler</Filter>
    </ClInclude>
    <ClInclude Include="inc\GlobalExceptionHandler.h">
      <Filter>Header Files\Diagnostics\UnhandledExceptionHandler</Filter>
    </ClInclude>
    <ClInclude Include="inc\MiniDump.h">
      <Filter>Header Files\Diagnostics\UnhandledExceptionHandler</Filter>
    </ClInclude>
    <ClInclude Include="inc\StackWriter.h">
      <Filter>Header Files\Diagnostics\UnhandledExceptionHandler</Filter>
    </ClInclude>
    <ClInclude Include="inc\UnhandledExceptionHandler.h">
      <Filter>Header Files\Diagnostics\UnhandledExceptionHandler</Filter>
    </ClInclude>
    <ClInclude Include="inc\EventLog.h">
      <Filter>Header Files\Diagnostics\Log</Filter>
    </ClInclude>
    <ClInclude Include="inc\Log.h">
      <Filter>Header Files\Diagnostics\Log</Filter>
    </ClInclude>
    <ClInclude Include="inc\Logger.h">
      <Filter>Header Files\Diagnostics\Log</Filter>
    </ClInclude>
    <ClInclude Include="inc\BasicBuffer.hpp">
      <Filter>Header Files\Memory</Filter>
    </ClInclude>
    <ClInclude Include="inc\BasicBufferIterator.hpp">
      <Filter>Header Files\Memory</Filter>
    </ClInclude>
    <ClInclude Include="inc\BinaryReader.hpp">
      <Filter>Header Files\Memory</Filter>
    </ClInclude>
    <ClInclude Include="inc\BinaryWriter.hpp">
      <Filter>Header Files\Memory</Filter>
    </ClInclude>
    <ClInclude Include="inc\ChainBuffer.hpp">
      <Filter>Header Files\Memory</Filter>
    </ClInclude>
    <ClInclude Include="inc\CircularBuffer.hpp">
      <Filter>Header Files\Memory</Filter>
    </ClInclude>
    <ClInclude Include="inc\GreedyAllocator.h">
      <Filter>Header Files\Memory</Filter>
    </ClInclude>
    <ClInclude Include="inc\LFHAllocator.h">
      <Filter>Header Files\Memory</Filter>
    </ClInclude>
    <ClInclude Include="inc\MemoryAllocator.h">
      <Filter>Header Files\Memory</Filter>
    </ClInclude>
    <ClInclude Include="inc\MemoryAllocatorBase.h">
      <Filter>Header Files\Memory</Filter>
    </ClInclude>
    <ClInclude Include="inc\MemoryBlock.h">
      <Filter>Header Files\Memory</Filter>
    </ClInclude>
    <ClInclude Include="inc\MemoryConfig.h">
      <Filter>Header Files\Memory</Filter>
    </ClInclude>
    <ClInclude Include="inc\MemoryMath.h">
      <Filter>Header Files\Memory</Filter>
    </ClInclude>
    <ClInclude Include="inc\NetworkReader.hpp">
      <Filter>Header Files\Memory</Filter>
    </ClInclude>
    <ClInclude Include="inc\NetworkWriter.hpp">
      <Filter>Header Files\Memory</Filter>
    </ClInclude>
    <ClInclude Include="inc\SimpleBuffer.hpp">
      <Filter>Header Files\Memory</Filter>
    </ClInclude>
    <ClInclude Include="inc\SinglyList.h">
      <Filter>Header Files\Memory</Filter>
    </ClInclude>
    <ClInclude Include="inc\SlabAllocator.h">
      <Filter>Header Files\Memory</Filter>
    </ClInclude>
    <ClInclude Include="inc\StackAllocator.h">
      <Filter>Header Files\Memory</Filter>
    </ClInclude>
    <ClInclude Include="inc\StackMemoryManager.h">
      <Filter>Header Files\Memory</Filter>
    </ClInclude>
    <ClInclude Include="inc\StlCustomAllocator.hpp">
      <Filter>Header Files\Memory</Filter>
    </ClInclude>
    <ClInclude Include="inc\StlGreedyAllocator.hpp">
      <Filter>Header Files\Memory</Filter>
    </ClInclude>
    <ClInclude Include="inc\StlStackAllocator.hpp">
      <Filter>Header Files\Memory</Filter>
    </ClInclude>
    <ClInclude Include="inc\TBBAllocator.h">
      <Filter>Header Files\Memory</Filter>
    </ClInclude>
    <ClInclude Include="inc\ThreadLocalAllocator.h">
      <Filter>Header Files\Memory</Filter>
    </ClInclude>
    <ClInclude Include="inc\Application.h">
      <Filter>Header Files\System</Filter>
    </ClInclude>
    <ClInclude Include="inc\COMHelper.h">
      <Filter>Header Files\System</Filter>
    </ClInclude>
    <ClInclude Include="inc\Console.h">
      <Filter>Header Files\System</Filter>
    </ClInclude>
    <ClInclude Include="inc\DateTime.h">
      <Filter>Header Files\System</Filter>
    </ClInclude>
    <ClInclude Include="inc\DateTimeKind.h">
      <Filter>Header Files\System</Filter>
    </ClInclude>
    <ClInclude Include="inc\DayOfWeek.h">
      <Filter>Header Files\System</Filter>
    </ClInclude>
    <ClInclude Include="inc\Environment.h">
      <Filter>Header Files\System</Filter>
    </ClInclude>
    <ClInclude Include="inc\EventProducer.h">
      <Filter>Header Files\System</Filter>
    </ClInclude>
    <ClInclude Include="inc\File.h">
      <Filter>Header Files\System</Filter>
    </ClInclude>
    <ClInclude Include="inc\lexical_cast.hpp">
      <Filter>Header Files\System</Filter>
    </ClInclude>
    <ClInclude Include="inc\Path.h">
      <Filter>Header Files\System</Filter>
    </ClInclude>
    <ClInclude Include="inc\RAII.h">
      <Filter>Header Files\System</Filter>
    </ClInclude>
    <ClInclude Include="inc\Registry.h">
      <Filter>Header Files\System</Filter>
    </ClInclude>
    <ClInclude Include="inc\RegistryKey.h">
      <Filter>Header Files\System</Filter>
    </ClInclude>
    <ClInclude Include="inc\SingleAppInstance.h">
      <Filter>Header Files\System</Filter>
    </ClInclude>
    <ClInclude Include="inc\StringComparison.hpp">
      <Filter>Header Files\System</Filter>
    </ClInclude>
    <ClInclude Include="inc\StringHelper.h">
      <Filter>Header Files\System</Filter>
    </ClInclude>
    <ClInclude Include="inc\TimeSpan.h">
      <Filter>Header Files\System</Filter>
    </ClInclude>
    <ClInclude Include="inc\PowerBroadcastStatus.h">
      <Filter>Header Files\System\Win32Service</Filter>
    </ClInclude>
    <ClInclude Include="inc\ServiceBase.h">
      <Filter>Header Files\System\Win32Service</Filter>
    </ClInclude>
    <ClInclude Include="inc\ServiceHelper.h">
      <Filter>Header Files\System\Win32Service</Filter>
    </ClInclude>
    <ClInclude Include="inc\ServiceInstaller.h">
      <Filter>Header Files\System\Win32Service</Filter>
    </ClInclude>
    <ClInclude Include="inc\ServiceSettings.h">
      <Filter>Header Files\System\Win32Service</Filter>
    </ClInclude>
    <ClInclude Include="inc\PAL_Windows.h">
      <Filter>Header Files\PAL</Filter>
    </ClInclude>
    <ClInclude Include="inc\Acceptor.h">
      <Filter>Header Files\Network</Filter>
    </ClInclude>
    <ClInclude Include="inc\AsyncStream.h">
      <Filter>Header Files\Network</Filter>
    </ClInclude>
    <ClInclude Include="inc\CompletionHandler.h">
      <Filter>Header Files\Network</Filter>
    </ClInclude>
    <ClInclude Include="inc\Connection.h">
      <Filter>Header Files\Network</Filter>
    </ClInclude>
    <ClInclude Include="inc\Connector.h">
      <Filter>Header Files\Network</Filter>
    </ClInclude>
    <ClInclude Include="inc\Disconnector.h">
      <Filter>Header Files\Network</Filter>
    </ClInclude>
    <ClInclude Include="inc\Dns.h">
      <Filter>Header Files\Network</Filter>
    </ClInclude>
    <ClInclude Include="inc\INetEvent.h">
      <Filter>Header Files\Network</Filter>
    </ClInclude>
    <ClInclude Include="inc\InputStream.h">
      <Filter>Header Files\Network</Filter>
    </ClInclude>
    <ClInclude Include="inc\IOCP.h">
      <Filter>Header Files\Network</Filter>
    </ClInclude>
    <ClInclude Include="inc\IPacketHandler.h">
      <Filter>Header Files\Network</Filter>
    </ClInclude>
    <ClInclude Include="inc\IPAddress.h">
      <Filter>Header Files\Network</Filter>
    </ClInclude>
    <ClInclude Include="inc\IPEndPoint.h">
      <Filter>Header Files\Network</Filter>
    </ClInclude>
    <ClInclude Include="inc\IPGlobalProperties.h">
      <Filter>Header Files\Network</Filter>
    </ClInclude>
    <ClInclude Include="inc\IPHostEntry.h">
      <Filter>Header Files\Network</Filter>
    </ClInclude>
    <ClInclude Include="inc\Listener.h">
      <Filter>Header Files\Network</Filter>
    </ClInclude>
    <ClInclude Include="inc\NetworkBuffer.h">
      <Filter>Header Files\Network</Filter>
    </ClInclude>
    <ClInclude Include="inc\OutputStream.h">
      <Filter>Header Files\Network</Filter>
    </ClInclude>
    <ClInclude Include="inc\PacketHandler.h">
      <Filter>Header Files\Network</Filter>
    </ClInclude>
    <ClInclude Include="inc\Proactor.h">
      <Filter>Header Files\Network</Filter>
    </ClInclude>
    <ClInclude Include="inc\Receiver.h">
      <Filter>Header Files\Network</Filter>
    </ClInclude>
    <ClInclude Include="inc\Sender.h">
      <Filter>Header Files\Network</Filter>
    </ClInclude>
    <ClInclude Include="inc\Socket.h">
      <Filter>Header Files\Network</Filter>
    </ClInclude>
    <ClInclude Include="inc\SystemTcpStatistics.h">
      <Filter>Header Files\Network</Filter>
    </ClInclude>
    <ClInclude Include="inc\WaitEvent.h">
      <Filter>Header Files\Network</Filter>
    </ClInclude>
    <ClInclude Include="inc\WindowsFirewall.h">
      <Filter>Header Files\Network</Filter>
    </ClInclude>
    <ClInclude Include="inc\Attachment.h">
      <Filter>Header Files\Network\Mail</Filter>
    </ClInclude>
    <ClInclude Include="inc\MailAddress.h">
      <Filter>Header Files\Network\Mail</Filter>
    </ClInclude>
    <ClInclude Include="inc\MailMessage.h">
      <Filter>Header Files\Network\Mail</Filter>
    </ClInclude>
    <ClInclude Include="inc\SmtpClient.h">
      <Filter>Header Files\Network\Mail</Filter>
    </ClInclude>
    <ClInclude Include="inc\lockfree.h">
      <Filter>Header Files\Algorithm</Filter>
    </ClInclude>
    <ClInclude Include="inc\LockfreePointer.h">
      <Filter>Header Files\Algorithm</Filter>
    </ClInclude>
    <ClInclude Include="inc\LockfreeQueue.hpp">
      <Filter>Header Files\Algorithm</Filter>
    </ClInclude>
    <ClInclude Include="inc\LockfreeStack.hpp">
      <Filter>Header Files\Algorithm</Filter>
    </ClInclude>
    <ClInclude Include="inc\taskqueue.h">
      <Filter>Header Files\Algorithm</Filter>
    </ClInclude>
    <ClInclude Include="inc\if_.hpp">
      <Filter>Header Files\Metaprogramming</Filter>
    </ClInclude>
    <ClInclude Include="inc\EarlgreyMath.h">
      <Filter>Header Files\Math</Filter>
    </ClInclude>
    <ClInclude Include="inc\numeric_cast.hpp">
      <Filter>Header Files\Math</Filter>
    </ClInclude>
    <ClInclude Include="inc\shared_ptr_helper.h">
      <Filter>Header Files\StlCustom</Filter>
    </ClInclude>
    <ClInclude Include="inc\tios.h">
      <Filter>Header Files\StlCustom</Filter>
    </ClInclude>
    <ClInclude Include="inc\tiostream.h">
      <Filter>Header Files\StlCustom</Filter>
    </ClInclude>
    <ClInclude Include="inc\tsstream.h">
      <Filter>Header Files\StlCustom</Filter>
    </ClInclude>
    <ClInclude Include="inc\tstring.h">
      <Filter>Header Files\StlCustom</Filter>
    </ClInclude>
    <ClInclude Include="inc\txsstream.h">
      <Filter>Header Files\StlCustom</Filter>
    </ClInclude>
    <ClInclude Include="inc\txstring.h">
      <Filter>Header Files\StlCustom</Filter>
    </ClInclude>
    <ClInclude Include="inc\xdeque.h">
      <Filter>Header Files\StlCustom</Filter>
    </ClInclude>
    <ClInclude Include="inc\xlist.h">
      <Filter>Header Files\StlCustom</Filter>
    </ClInclude>
    <ClInclude Include="inc\xmap.h">
      <Filter>Header Files\StlCustom</Filter>
    </ClInclude>
    <ClInclude Include="inc\xqueue.h">
      <Filter>Header Files\StlCustom</Filter>
    </ClInclude>
    <ClInclude Include="inc\xset.h">
      <Filter>Header Files\StlCustom</Filter>
    </ClInclude>
    <ClInclude Include="inc\xstack.h">
      <Filter>Header Files\StlCustom</Filter>
    </ClInclude>
    <ClInclude Include="inc\xvector.h">
      <Filter>Header Files\StlCustom</Filter>
    </ClInclude>
    <ClInclude Include="inc\AppSettings.h">
      <Filter>Header Files\Configuration</Filter>
    </ClInclude>
    <ClInclude Include="inc\DefaultAppSettings.h">
      <Filter>Header Files\Configuration</Filter>
    </ClInclude>
    <ClInclude Include="inc\IniReader.h">
      <Filter>Header Files\Configuration</Filter>
    </ClInclude>
    <ClInclude Include="inc\IniSection.h">
      <Filter>Header Files\Configuration</Filter>
    </ClInclude>
  </ItemGroup>
  <ItemGroup>
    <ResourceCompile Include="EargreyResources.rc">
      <Filter>Resource Files</Filter>
    </ResourceCompile>
  </ItemGroup>
  <ItemGroup>
    <None Include="ReadMe.txt" />
  </ItemGroup>
</Project>