
Microsoft Visual Studio Solution File, Format Version 10.00
# Visual Studio 2008
Project("{FAE04EC0-301F-11D3-BF4B-00C04F79EFBC}") = "MSBuild.Earlgrey.Tasks", "MSBuild\MSBuild.Earlgrey.Tasks\MSBuild.Earlgrey.Tasks.csproj", "{72CE6E28-4C07-4377-B01B-CBEC887CE918}"
EndProject
Project("{FAE04EC0-301F-11D3-BF4B-00C04F79EFBC}") = "MSBuild.Earlgrey.Tasks.Tests", "MSBuild\MSBuild.Earlgrey.Tasks.Tests\MSBuild.Earlgrey.Tasks.Tests.csproj", "{A22F1515-6D9F-4E5B-A4C9-5F18F48A8C6E}"
EndProject
Project("{2150E333-8FDC-42A3-9474-1A3956D46DE8}") = "MSBuild", "MSBuild", "{27AB49EA-5129-433D-BDA2-7781C548017C}"
EndProject
Project("{2150E333-8FDC-42A3-9474-1A3956D46DE8}") = "UnityBuild", "UnityBuild", "{ABBFE178-7A72-4645-A562-11F98731B735}"
EndProject
Project("{FAE04EC0-301F-11D3-BF4B-00C04F79EFBC}") = "VCProject", "UnityBuild\VCProject\VCProject.csproj", "{21ABAC76-40AC-45F0-9CA4-85281002887F}"
EndProject
Project("{FAE04EC0-301F-11D3-BF4B-00C04F79EFBC}") = "VCProjectTest", "UnityBuild\VCProjectTest\VCProjectTest.csproj", "{E1F67322-5B7D-4985-B4A8-32AB797AB8D3}"
EndProject
Project("{FAE04EC0-301F-11D3-BF4B-00C04F79EFBC}") = "SLNToolsTest", "UnityBuild\SLNToolsTest\SLNToolsTest.csproj", "{D158583A-9300-4E6F-BDE7-3AA077A8CA8E}"
EndProject
Project("{FAE04EC0-301F-11D3-BF4B-00C04F79EFBC}") = "MSBuild.Community.Tasks", "..\..\vendor\BuildTool\MSBuildCommunityTasks\v1.2.0.306\src\Source\MSBuild.Community.Tasks\MSBuild.Community.Tasks.csproj", "{F88A60A8-564C-4E70-92DC-E92DBB897641}"
EndProject
Project("{FAE04EC0-301F-11D3-BF4B-00C04F79EFBC}") = "MSBuild.Community.Tasks.Tests", "..\..\vendor\BuildTool\MSBuildCommunityTasks\v1.2.0.306\src\Source\MSBuild.Community.Tasks.Tests\MSBuild.Community.Tasks.Tests.csproj", "{5AC1D006-CA56-4BE1-8250-DBEABBEA0725}"
EndProject
Project("{2150E333-8FDC-42A3-9474-1A3956D46DE8}") = "BuildScripts", "BuildScripts", "{8C57DDC2-1BC9-4CAB-9DA4-E2C629348D8C}"
	ProjectSection(SolutionItems) = preProject
		msbuild-ci.xml = msbuild-ci.xml
		msbuild-deploy-internal.xml = msbuild-deploy-internal.xml
		msbuild-deploy.xml = msbuild-deploy.xml
		msbuild.xml = msbuild.xml
		..\MSBuild_Win32.bat = ..\MSBuild_Win32.bat
		..\MSBuild_x64.bat = ..\MSBuild_x64.bat
	EndProjectSection
EndProject
Project("{FAE04EC0-301F-11D3-BF4B-00C04F79EFBC}") = "MSBuild.Earlgrey.Scripts", "MSBuild\MSBuild.Earlgrey.Scripts\MSBuild.Earlgrey.Scripts.csproj", "{7D7CF82B-B8B3-4D66-A066-0704B45CBF60}"
EndProject
Project("{FAE04EC0-301F-11D3-BF4B-00C04F79EFBC}") = "MSBuild.Earlgrey.Scripts.Tests", "MSBuild\MSBuild.Earlgrey.Scripts.Tests\MSBuild.Earlgrey.Scripts.Tests.csproj", "{414BBE27-6698-4FB3-BCEE-EF5BE459FCD1}"
EndProject
Project("{FAE04EC0-301F-11D3-BF4B-00C04F79EFBC}") = "MSBuild.Earlgrey", "MSBuild\MSBuild.Earlgrey\MSBuild.Earlgrey.csproj", "{035A0F96-98FA-49B1-8D3D-476768F74743}"
EndProject
Project("{2150E333-8FDC-42A3-9474-1A3956D46DE8}") = "External Libraries", "External Libraries", "{67B71C4E-0F9E-4A08-AAC2-E4D0071B211A}"
EndProject
Project("{2150E333-8FDC-42A3-9474-1A3956D46DE8}") = "Shared Libraries", "Shared Libraries", "{4B3EFFC9-7A11-4533-92DB-B521A0C9056E}"
EndProject
Project("{FAE04EC0-301F-11D3-BF4B-00C04F79EFBC}") = "Earlgrey.EncodingTools", "SharedLibs\EncodingTools\Earlgrey.EncodingTools.csproj", "{CA19D4DE-B232-491A-92BF-7BF3A2758694}"
EndProject
Project("{FAE04EC0-301F-11D3-BF4B-00C04F79EFBC}") = "INIFileParser", "SharedLibs\IniParser\IniFileParser\INIFileParser.csproj", "{5E46DCF4-C473-4171-9F9B-F3910B5EC407}"
EndProject
Project("{FAE04EC0-301F-11D3-BF4B-00C04F79EFBC}") = "IniFileParserTests", "SharedLibs\IniParser\IniFileParserTests\IniFileParserTests.csproj", "{553AD4A0-946C-436D-8135-5ADBA97D246E}"
EndProject
Global
	GlobalSection(SolutionConfigurationPlatforms) = preSolution
		Debug|Any CPU = Debug|Any CPU
		Release|Any CPU = Release|Any CPU
	EndGlobalSection
	GlobalSection(ProjectConfigurationPlatforms) = postSolution
		{72CE6E28-4C07-4377-B01B-CBEC887CE918}.Debug|Any CPU.ActiveCfg = Debug|Any CPU
		{72CE6E28-4C07-4377-B01B-CBEC887CE918}.Debug|Any CPU.Build.0 = Debug|Any CPU
		{72CE6E28-4C07-4377-B01B-CBEC887CE918}.Release|Any CPU.ActiveCfg = Release|Any CPU
		{72CE6E28-4C07-4377-B01B-CBEC887CE918}.Release|Any CPU.Build.0 = Release|Any CPU
		{A22F1515-6D9F-4E5B-A4C9-5F18F48A8C6E}.Debug|Any CPU.ActiveCfg = Debug|Any CPU
		{A22F1515-6D9F-4E5B-A4C9-5F18F48A8C6E}.Debug|Any CPU.Build.0 = Debug|Any CPU
		{A22F1515-6D9F-4E5B-A4C9-5F18F48A8C6E}.Release|Any CPU.ActiveCfg = Release|Any CPU
		{A22F1515-6D9F-4E5B-A4C9-5F18F48A8C6E}.Release|Any CPU.Build.0 = Release|Any CPU
		{21ABAC76-40AC-45F0-9CA4-85281002887F}.Debug|Any CPU.ActiveCfg = Debug|Any CPU
		{21ABAC76-40AC-45F0-9CA4-85281002887F}.Debug|Any CPU.Build.0 = Debug|Any CPU
		{21ABAC76-40AC-45F0-9CA4-85281002887F}.Release|Any CPU.ActiveCfg = Release|Any CPU
		{21ABAC76-40AC-45F0-9CA4-85281002887F}.Release|Any CPU.Build.0 = Release|Any CPU
		{E1F67322-5B7D-4985-B4A8-32AB797AB8D3}.Debug|Any CPU.ActiveCfg = Debug|Any CPU
		{E1F67322-5B7D-4985-B4A8-32AB797AB8D3}.Debug|Any CPU.Build.0 = Debug|Any CPU
		{E1F67322-5B7D-4985-B4A8-32AB797AB8D3}.Release|Any CPU.ActiveCfg = Release|Any CPU
		{E1F67322-5B7D-4985-B4A8-32AB797AB8D3}.Release|Any CPU.Build.0 = Release|Any CPU
		{D158583A-9300-4E6F-BDE7-3AA077A8CA8E}.Debug|Any CPU.ActiveCfg = Debug|Any CPU
		{D158583A-9300-4E6F-BDE7-3AA077A8CA8E}.Debug|Any CPU.Build.0 = Debug|Any CPU
		{D158583A-9300-4E6F-BDE7-3AA077A8CA8E}.Release|Any CPU.ActiveCfg = Release|Any CPU
		{D158583A-9300-4E6F-BDE7-3AA077A8CA8E}.Release|Any CPU.Build.0 = Release|Any CPU
		{F88A60A8-564C-4E70-92DC-E92DBB897641}.Debug|Any CPU.ActiveCfg = Debug|Any CPU
		{F88A60A8-564C-4E70-92DC-E92DBB897641}.Debug|Any CPU.Build.0 = Debug|Any CPU
		{F88A60A8-564C-4E70-92DC-E92DBB897641}.Release|Any CPU.ActiveCfg = Release|Any CPU
		{F88A60A8-564C-4E70-92DC-E92DBB897641}.Release|Any CPU.Build.0 = Release|Any CPU
		{5AC1D006-CA56-4BE1-8250-DBEABBEA0725}.Debug|Any CPU.ActiveCfg = Debug|Any CPU
		{5AC1D006-CA56-4BE1-8250-DBEABBEA0725}.Debug|Any CPU.Build.0 = Debug|Any CPU
		{5AC1D006-CA56-4BE1-8250-DBEABBEA0725}.Release|Any CPU.ActiveCfg = Release|Any CPU
		{5AC1D006-CA56-4BE1-8250-DBEABBEA0725}.Release|Any CPU.Build.0 = Release|Any CPU
		{7D7CF82B-B8B3-4D66-A066-0704B45CBF60}.Debug|Any CPU.ActiveCfg = Debug|Any CPU
		{7D7CF82B-B8B3-4D66-A066-0704B45CBF60}.Debug|Any CPU.Build.0 = Debug|Any CPU
		{7D7CF82B-B8B3-4D66-A066-0704B45CBF60}.Release|Any CPU.ActiveCfg = Release|Any CPU
		{7D7CF82B-B8B3-4D66-A066-0704B45CBF60}.Release|Any CPU.Build.0 = Release|Any CPU
		{414BBE27-6698-4FB3-BCEE-EF5BE459FCD1}.Debug|Any CPU.ActiveCfg = Debug|Any CPU
		{414BBE27-6698-4FB3-BCEE-EF5BE459FCD1}.Debug|Any CPU.Build.0 = Debug|Any CPU
		{414BBE27-6698-4FB3-BCEE-EF5BE459FCD1}.Release|Any CPU.ActiveCfg = Release|Any CPU
		{414BBE27-6698-4FB3-BCEE-EF5BE459FCD1}.Release|Any CPU.Build.0 = Release|Any CPU
		{035A0F96-98FA-49B1-8D3D-476768F74743}.Debug|Any CPU.ActiveCfg = Debug|Any CPU
		{035A0F96-98FA-49B1-8D3D-476768F74743}.Debug|Any CPU.Build.0 = Debug|Any CPU
		{035A0F96-98FA-49B1-8D3D-476768F74743}.Release|Any CPU.ActiveCfg = Release|Any CPU
		{035A0F96-98FA-49B1-8D3D-476768F74743}.Release|Any CPU.Build.0 = Release|Any CPU
		{CA19D4DE-B232-491A-92BF-7BF3A2758694}.Debug|Any CPU.ActiveCfg = Debug|Any CPU
		{CA19D4DE-B232-491A-92BF-7BF3A2758694}.Debug|Any CPU.Build.0 = Debug|Any CPU
		{CA19D4DE-B232-491A-92BF-7BF3A2758694}.Release|Any CPU.ActiveCfg = Release|Any CPU
		{CA19D4DE-B232-491A-92BF-7BF3A2758694}.Release|Any CPU.Build.0 = Release|Any CPU
		{5E46DCF4-C473-4171-9F9B-F3910B5EC407}.Debug|Any CPU.ActiveCfg = Debug|Any CPU
		{5E46DCF4-C473-4171-9F9B-F3910B5EC407}.Debug|Any CPU.Build.0 = Debug|Any CPU
		{5E46DCF4-C473-4171-9F9B-F3910B5EC407}.Release|Any CPU.ActiveCfg = Release|Any CPU
		{5E46DCF4-C473-4171-9F9B-F3910B5EC407}.Release|Any CPU.Build.0 = Release|Any CPU
		{553AD4A0-946C-436D-8135-5ADBA97D246E}.Debug|Any CPU.ActiveCfg = Debug|Any CPU
		{553AD4A0-946C-436D-8135-5ADBA97D246E}.Debug|Any CPU.Build.0 = Debug|Any CPU
		{553AD4A0-946C-436D-8135-5ADBA97D246E}.Release|Any CPU.ActiveCfg = Release|Any CPU
		{553AD4A0-946C-436D-8135-5ADBA97D246E}.Release|Any CPU.Build.0 = Release|Any CPU
	EndGlobalSection
	GlobalSection(SolutionProperties) = preSolution
		HideSolutionNode = FALSE
	EndGlobalSection
	GlobalSection(NestedProjects) = preSolution
		{A22F1515-6D9F-4E5B-A4C9-5F18F48A8C6E} = {27AB49EA-5129-433D-BDA2-7781C548017C}
		{72CE6E28-4C07-4377-B01B-CBEC887CE918} = {27AB49EA-5129-433D-BDA2-7781C548017C}
		{67B71C4E-0F9E-4A08-AAC2-E4D0071B211A} = {27AB49EA-5129-433D-BDA2-7781C548017C}
		{7D7CF82B-B8B3-4D66-A066-0704B45CBF60} = {27AB49EA-5129-433D-BDA2-7781C548017C}
		{414BBE27-6698-4FB3-BCEE-EF5BE459FCD1} = {27AB49EA-5129-433D-BDA2-7781C548017C}
		{035A0F96-98FA-49B1-8D3D-476768F74743} = {27AB49EA-5129-433D-BDA2-7781C548017C}
		{21ABAC76-40AC-45F0-9CA4-85281002887F} = {ABBFE178-7A72-4645-A562-11F98731B735}
		{E1F67322-5B7D-4985-B4A8-32AB797AB8D3} = {ABBFE178-7A72-4645-A562-11F98731B735}
		{D158583A-9300-4E6F-BDE7-3AA077A8CA8E} = {ABBFE178-7A72-4645-A562-11F98731B735}
		{5AC1D006-CA56-4BE1-8250-DBEABBEA0725} = {67B71C4E-0F9E-4A08-AAC2-E4D0071B211A}
		{F88A60A8-564C-4E70-92DC-E92DBB897641} = {67B71C4E-0F9E-4A08-AAC2-E4D0071B211A}
		{CA19D4DE-B232-491A-92BF-7BF3A2758694} = {4B3EFFC9-7A11-4533-92DB-B521A0C9056E}
		{5E46DCF4-C473-4171-9F9B-F3910B5EC407} = {4B3EFFC9-7A11-4533-92DB-B521A0C9056E}
		{553AD4A0-946C-436D-8135-5ADBA97D246E} = {4B3EFFC9-7A11-4533-92DB-B521A0C9056E}
	EndGlobalSection
EndGlobal
