
Microsoft Visual Studio Solution File, Format Version 10.00
# Visual Studio 2008
Project("{2150E333-8FDC-42A3-9474-1A3956D46DE8}") = "Solution Items", "Solution Items", "{1B08500D-61AE-4583-BCF6-F385A93ECD17}"
EndProject
Project("{2150E333-8FDC-42A3-9474-1A3956D46DE8}") = "TestApps", "TestApps", "{171E3F30-9CC2-4D17-A610-B3F30F4DD097}"
EndProject
Project("{2150E333-8FDC-42A3-9474-1A3956D46DE8}") = "TestClientPackage", "TestClientPackage", "{6C45550A-6BF6-4199-B071-E54C32F3D116}"
EndProject
Project("{2150E333-8FDC-42A3-9474-1A3956D46DE8}") = "TestAssemblies", "TestAssemblies", "{6512708C-0CB1-427E-8489-9342403AAC68}"
EndProject
Project("{2150E333-8FDC-42A3-9474-1A3956D46DE8}") = "Extensions", "Extensions", "{6A2BF934-D0AE-488D-815C-F38BA671D80C}"
EndProject
Project("{2150E333-8FDC-42A3-9474-1A3956D46DE8}") = "Database", "Database", "{D2979E7E-F281-4417-A5E9-DD935C55256F}"
EndProject
Project("{2150E333-8FDC-42A3-9474-1A3956D46DE8}") = "BuildScripts", "BuildScripts", "{4AC86211-7E51-47FB-B8BB-A4B446033BA2}"
	ProjectSection(SolutionItems) = preProject
		msbuild-ci.xml = msbuild-ci.xml
		msbuild-symbol.xml = msbuild-symbol.xml
		msbuild.xml = msbuild.xml
		MSBuild_Win32.bat = MSBuild_Win32.bat
		MSBuild_x64.bat = MSBuild_x64.bat
		SetEnvironment_Win32.bat = SetEnvironment_Win32.bat
		SetEnvironment_x64.bat = SetEnvironment_x64.bat
	EndProjectSection
EndProject
Project("{8BC9CEB8-8B4A-11D0-8D11-00A0C91BC942}") = "Earlgrey", "Earlgrey\Earlgrey.vcproj", "{97815F93-C18E-4749-BAB1-B1917C7CE375}"
	ProjectSection(ProjectDependencies) = postProject
		{89B2BD42-B130-4811-9043-71A8EBC40DE5} = {89B2BD42-B130-4811-9043-71A8EBC40DE5}
	EndProjectSection
EndProject
Project("{8BC9CEB8-8B4A-11D0-8D11-00A0C91BC942}") = "Earlgrey.Test", "Earlgrey.Test\Earlgrey.Test.vcproj", "{B27C24EE-E32D-4EA4-9418-CE09BF9990E0}"
	ProjectSection(ProjectDependencies) = postProject
		{89B2BD42-B130-4811-9043-71A8EBC40DE5} = {89B2BD42-B130-4811-9043-71A8EBC40DE5}
		{C8F6C172-56F2-4E76-B5FA-C3B423B31BE7} = {C8F6C172-56F2-4E76-B5FA-C3B423B31BE7}
		{97815F93-C18E-4749-BAB1-B1917C7CE375} = {97815F93-C18E-4749-BAB1-B1917C7CE375}
		{540889A0-C756-44A8-A1AB-536EE7276D70} = {540889A0-C756-44A8-A1AB-536EE7276D70}
	EndProjectSection
EndProject
Project("{8BC9CEB8-8B4A-11D0-8D11-00A0C91BC942}") = "gtest", "..\vendor\gtest-1.6.0\msvc\gtest.vcproj", "{C8F6C172-56F2-4E76-B5FA-C3B423B31BE7}"
EndProject
Project("{8BC9CEB8-8B4A-11D0-8D11-00A0C91BC942}") = "Client", "ServerClientTestApp\Client\Client.vcproj", "{8946A7CE-5C7D-4BDE-8429-C491FB198BAB}"
	ProjectSection(ProjectDependencies) = postProject
		{97815F93-C18E-4749-BAB1-B1917C7CE375} = {97815F93-C18E-4749-BAB1-B1917C7CE375}
	EndProjectSection
EndProject
Project("{8BC9CEB8-8B4A-11D0-8D11-00A0C91BC942}") = "Server", "ServerClientTestApp\Server\Server.vcproj", "{39D97D39-26BD-4016-B8B6-6F594F7E9302}"
	ProjectSection(ProjectDependencies) = postProject
		{97815F93-C18E-4749-BAB1-B1917C7CE375} = {97815F93-C18E-4749-BAB1-B1917C7CE375}
		{540889A0-C756-44A8-A1AB-536EE7276D70} = {540889A0-C756-44A8-A1AB-536EE7276D70}
	EndProjectSection
EndProject
Project("{FAE04EC0-301F-11D3-BF4B-00C04F79EFBC}") = "TestClient", "TestClient\TestClient.csproj", "{180C41EF-CB5D-422E-92C0-2E797AE96845}"
EndProject
Project("{FAE04EC0-301F-11D3-BF4B-00C04F79EFBC}") = "TestCommon", "TestCommon\TestCommon.csproj", "{CF7B39FB-42D7-4A87-9D68-EB39FBC259A3}"
EndProject
Project("{FAE04EC0-301F-11D3-BF4B-00C04F79EFBC}") = "EchoTest", "EchoTest\EchoTest.csproj", "{95B038F8-244E-441B-86C5-63D2D5AA4696}"
EndProject
Project("{FAE04EC0-301F-11D3-BF4B-00C04F79EFBC}") = "TestCommonUnitTest", "TestCommonUnitTest\TestCommonUnitTest.csproj", "{5D5D8968-9BE0-4FEA-BFBE-62887C41CFA1}"
	ProjectSection(ProjectDependencies) = postProject
		{CF7B39FB-42D7-4A87-9D68-EB39FBC259A3} = {CF7B39FB-42D7-4A87-9D68-EB39FBC259A3}
	EndProjectSection
EndProject
Project("{8BC9CEB8-8B4A-11D0-8D11-00A0C91BC942}") = "GmailClient", "GmailClient\GmailClient.vcproj", "{540889A0-C756-44A8-A1AB-536EE7276D70}"
EndProject
Project("{8BC9CEB8-8B4A-11D0-8D11-00A0C91BC942}") = "StackWalker_VC9", "..\vendor\StackWalker_2009-11-01\StackWalker\StackWalker_VC9.vcproj", "{89B2BD42-B130-4811-9043-71A8EBC40DE5}"
EndProject
Project("{8BC9CEB8-8B4A-11D0-8D11-00A0C91BC942}") = "Earlgrey.Database", "Earlgrey.Database\Earlgrey.Database.vcproj", "{EDE03948-20A1-46CF-AA94-DF7B87C00565}"
EndProject
Project("{8BC9CEB8-8B4A-11D0-8D11-00A0C91BC942}") = "Earlgrey.Database.Test", "Earlgrey.Database.Test\Earlgrey.Database.Test.vcproj", "{27AAF7AF-BF52-4797-B07B-1C807D599699}"
	ProjectSection(ProjectDependencies) = postProject
		{C8F6C172-56F2-4E76-B5FA-C3B423B31BE7} = {C8F6C172-56F2-4E76-B5FA-C3B423B31BE7}
	EndProjectSection
EndProject
Project("{8BC9CEB8-8B4A-11D0-8D11-00A0C91BC942}") = "Earlgrey.GTest", "Earlgrey.GTest\Earlgrey.GTest.vcproj", "{29E9BAF5-E237-48DE-9B7A-1E03C69B7906}"
EndProject
Project("{2150E333-8FDC-42A3-9474-1A3956D46DE8}") = "Test Frameworks", "Test Frameworks", "{0EF668DD-CBF9-48EB-85FC-3E1A971742EC}"
EndProject
Project("{8BC9CEB8-8B4A-11D0-8D11-00A0C91BC942}") = "CSmtp", "..\vendor\CSmtp_v2_0_ssl\CSmtp.vs2008.vcproj", "{567388CF-8BEC-4335-95D9-240F39622EB2}"
	ProjectSection(ProjectDependencies) = postProject
		{97815F93-C18E-4749-BAB1-B1917C7CE375} = {97815F93-C18E-4749-BAB1-B1917C7CE375}
	EndProjectSection
EndProject
Global
	GlobalSection(SolutionConfigurationPlatforms) = preSolution
		Debug|Any CPU = Debug|Any CPU
		Debug|Mixed Platforms = Debug|Mixed Platforms
		Debug|Win32 = Debug|Win32
		Debug|x64 = Debug|x64
		Release|Any CPU = Release|Any CPU
		Release|Mixed Platforms = Release|Mixed Platforms
		Release|Win32 = Release|Win32
		Release|x64 = Release|x64
	EndGlobalSection
	GlobalSection(ProjectConfigurationPlatforms) = postSolution
		{97815F93-C18E-4749-BAB1-B1917C7CE375}.Debug|Any CPU.ActiveCfg = Debug|x64
		{97815F93-C18E-4749-BAB1-B1917C7CE375}.Debug|Mixed Platforms.ActiveCfg = Debug|x64
		{97815F93-C18E-4749-BAB1-B1917C7CE375}.Debug|Mixed Platforms.Build.0 = Debug|x64
		{97815F93-C18E-4749-BAB1-B1917C7CE375}.Debug|Win32.ActiveCfg = Debug|Win32
		{97815F93-C18E-4749-BAB1-B1917C7CE375}.Debug|Win32.Build.0 = Debug|Win32
		{97815F93-C18E-4749-BAB1-B1917C7CE375}.Debug|x64.ActiveCfg = Debug|x64
		{97815F93-C18E-4749-BAB1-B1917C7CE375}.Debug|x64.Build.0 = Debug|x64
		{97815F93-C18E-4749-BAB1-B1917C7CE375}.Release|Any CPU.ActiveCfg = Release|x64
		{97815F93-C18E-4749-BAB1-B1917C7CE375}.Release|Mixed Platforms.ActiveCfg = Release|x64
		{97815F93-C18E-4749-BAB1-B1917C7CE375}.Release|Mixed Platforms.Build.0 = Release|x64
		{97815F93-C18E-4749-BAB1-B1917C7CE375}.Release|Win32.ActiveCfg = Release|Win32
		{97815F93-C18E-4749-BAB1-B1917C7CE375}.Release|Win32.Build.0 = Release|Win32
		{97815F93-C18E-4749-BAB1-B1917C7CE375}.Release|x64.ActiveCfg = Release|x64
		{97815F93-C18E-4749-BAB1-B1917C7CE375}.Release|x64.Build.0 = Release|x64
		{B27C24EE-E32D-4EA4-9418-CE09BF9990E0}.Debug|Any CPU.ActiveCfg = Debug|x64
		{B27C24EE-E32D-4EA4-9418-CE09BF9990E0}.Debug|Mixed Platforms.ActiveCfg = Debug|x64
		{B27C24EE-E32D-4EA4-9418-CE09BF9990E0}.Debug|Mixed Platforms.Build.0 = Debug|x64
		{B27C24EE-E32D-4EA4-9418-CE09BF9990E0}.Debug|Win32.ActiveCfg = Debug|Win32
		{B27C24EE-E32D-4EA4-9418-CE09BF9990E0}.Debug|Win32.Build.0 = Debug|Win32
		{B27C24EE-E32D-4EA4-9418-CE09BF9990E0}.Debug|x64.ActiveCfg = Debug|x64
		{B27C24EE-E32D-4EA4-9418-CE09BF9990E0}.Debug|x64.Build.0 = Debug|x64
		{B27C24EE-E32D-4EA4-9418-CE09BF9990E0}.Release|Any CPU.ActiveCfg = Release|x64
		{B27C24EE-E32D-4EA4-9418-CE09BF9990E0}.Release|Mixed Platforms.ActiveCfg = Release|x64
		{B27C24EE-E32D-4EA4-9418-CE09BF9990E0}.Release|Mixed Platforms.Build.0 = Release|x64
		{B27C24EE-E32D-4EA4-9418-CE09BF9990E0}.Release|Win32.ActiveCfg = Release|Win32
		{B27C24EE-E32D-4EA4-9418-CE09BF9990E0}.Release|Win32.Build.0 = Release|Win32
		{B27C24EE-E32D-4EA4-9418-CE09BF9990E0}.Release|x64.ActiveCfg = Release|x64
		{B27C24EE-E32D-4EA4-9418-CE09BF9990E0}.Release|x64.Build.0 = Release|x64
		{C8F6C172-56F2-4E76-B5FA-C3B423B31BE7}.Debug|Any CPU.ActiveCfg = Debug|Win32
		{C8F6C172-56F2-4E76-B5FA-C3B423B31BE7}.Debug|Mixed Platforms.ActiveCfg = Debug|Win32
		{C8F6C172-56F2-4E76-B5FA-C3B423B31BE7}.Debug|Mixed Platforms.Build.0 = Debug|Win32
		{C8F6C172-56F2-4E76-B5FA-C3B423B31BE7}.Debug|Win32.ActiveCfg = Debug|Win32
		{C8F6C172-56F2-4E76-B5FA-C3B423B31BE7}.Debug|Win32.Build.0 = Debug|Win32
		{C8F6C172-56F2-4E76-B5FA-C3B423B31BE7}.Debug|x64.ActiveCfg = Debug|x64
		{C8F6C172-56F2-4E76-B5FA-C3B423B31BE7}.Debug|x64.Build.0 = Debug|x64
		{C8F6C172-56F2-4E76-B5FA-C3B423B31BE7}.Release|Any CPU.ActiveCfg = Release|Win32
		{C8F6C172-56F2-4E76-B5FA-C3B423B31BE7}.Release|Mixed Platforms.ActiveCfg = Release|Win32
		{C8F6C172-56F2-4E76-B5FA-C3B423B31BE7}.Release|Mixed Platforms.Build.0 = Release|Win32
		{C8F6C172-56F2-4E76-B5FA-C3B423B31BE7}.Release|Win32.ActiveCfg = Release|Win32
		{C8F6C172-56F2-4E76-B5FA-C3B423B31BE7}.Release|Win32.Build.0 = Release|Win32
		{C8F6C172-56F2-4E76-B5FA-C3B423B31BE7}.Release|x64.ActiveCfg = Release|x64
		{C8F6C172-56F2-4E76-B5FA-C3B423B31BE7}.Release|x64.Build.0 = Release|x64
		{8946A7CE-5C7D-4BDE-8429-C491FB198BAB}.Debug|Any CPU.ActiveCfg = Debug|x64
		{8946A7CE-5C7D-4BDE-8429-C491FB198BAB}.Debug|Mixed Platforms.ActiveCfg = Debug|x64
		{8946A7CE-5C7D-4BDE-8429-C491FB198BAB}.Debug|Mixed Platforms.Build.0 = Debug|x64
		{8946A7CE-5C7D-4BDE-8429-C491FB198BAB}.Debug|Win32.ActiveCfg = Debug|Win32
		{8946A7CE-5C7D-4BDE-8429-C491FB198BAB}.Debug|Win32.Build.0 = Debug|Win32
		{8946A7CE-5C7D-4BDE-8429-C491FB198BAB}.Debug|x64.ActiveCfg = Debug|x64
		{8946A7CE-5C7D-4BDE-8429-C491FB198BAB}.Debug|x64.Build.0 = Debug|x64
		{8946A7CE-5C7D-4BDE-8429-C491FB198BAB}.Release|Any CPU.ActiveCfg = Release|x64
		{8946A7CE-5C7D-4BDE-8429-C491FB198BAB}.Release|Mixed Platforms.ActiveCfg = Release|x64
		{8946A7CE-5C7D-4BDE-8429-C491FB198BAB}.Release|Mixed Platforms.Build.0 = Release|x64
		{8946A7CE-5C7D-4BDE-8429-C491FB198BAB}.Release|Win32.ActiveCfg = Release|Win32
		{8946A7CE-5C7D-4BDE-8429-C491FB198BAB}.Release|Win32.Build.0 = Release|Win32
		{8946A7CE-5C7D-4BDE-8429-C491FB198BAB}.Release|x64.ActiveCfg = Release|x64
		{8946A7CE-5C7D-4BDE-8429-C491FB198BAB}.Release|x64.Build.0 = Release|x64
		{39D97D39-26BD-4016-B8B6-6F594F7E9302}.Debug|Any CPU.ActiveCfg = Debug|x64
		{39D97D39-26BD-4016-B8B6-6F594F7E9302}.Debug|Mixed Platforms.ActiveCfg = Debug|x64
		{39D97D39-26BD-4016-B8B6-6F594F7E9302}.Debug|Mixed Platforms.Build.0 = Debug|x64
		{39D97D39-26BD-4016-B8B6-6F594F7E9302}.Debug|Win32.ActiveCfg = Debug|Win32
		{39D97D39-26BD-4016-B8B6-6F594F7E9302}.Debug|Win32.Build.0 = Debug|Win32
		{39D97D39-26BD-4016-B8B6-6F594F7E9302}.Debug|x64.ActiveCfg = Debug|x64
		{39D97D39-26BD-4016-B8B6-6F594F7E9302}.Debug|x64.Build.0 = Debug|x64
		{39D97D39-26BD-4016-B8B6-6F594F7E9302}.Release|Any CPU.ActiveCfg = Release|x64
		{39D97D39-26BD-4016-B8B6-6F594F7E9302}.Release|Mixed Platforms.ActiveCfg = Release|x64
		{39D97D39-26BD-4016-B8B6-6F594F7E9302}.Release|Mixed Platforms.Build.0 = Release|x64
		{39D97D39-26BD-4016-B8B6-6F594F7E9302}.Release|Win32.ActiveCfg = Release|Win32
		{39D97D39-26BD-4016-B8B6-6F594F7E9302}.Release|Win32.Build.0 = Release|Win32
		{39D97D39-26BD-4016-B8B6-6F594F7E9302}.Release|x64.ActiveCfg = Release|x64
		{39D97D39-26BD-4016-B8B6-6F594F7E9302}.Release|x64.Build.0 = Release|x64
		{180C41EF-CB5D-422E-92C0-2E797AE96845}.Debug|Any CPU.ActiveCfg = Debug|Any CPU
		{180C41EF-CB5D-422E-92C0-2E797AE96845}.Debug|Any CPU.Build.0 = Debug|Any CPU
		{180C41EF-CB5D-422E-92C0-2E797AE96845}.Debug|Mixed Platforms.ActiveCfg = Debug|Any CPU
		{180C41EF-CB5D-422E-92C0-2E797AE96845}.Debug|Mixed Platforms.Build.0 = Debug|Any CPU
		{180C41EF-CB5D-422E-92C0-2E797AE96845}.Debug|Win32.ActiveCfg = Debug|Any CPU
		{180C41EF-CB5D-422E-92C0-2E797AE96845}.Debug|Win32.Build.0 = Debug|Any CPU
		{180C41EF-CB5D-422E-92C0-2E797AE96845}.Debug|x64.ActiveCfg = Debug|Any CPU
		{180C41EF-CB5D-422E-92C0-2E797AE96845}.Debug|x64.Build.0 = Debug|Any CPU
		{180C41EF-CB5D-422E-92C0-2E797AE96845}.Release|Any CPU.ActiveCfg = Release|Any CPU
		{180C41EF-CB5D-422E-92C0-2E797AE96845}.Release|Any CPU.Build.0 = Release|Any CPU
		{180C41EF-CB5D-422E-92C0-2E797AE96845}.Release|Mixed Platforms.ActiveCfg = Release|Any CPU
		{180C41EF-CB5D-422E-92C0-2E797AE96845}.Release|Mixed Platforms.Build.0 = Release|Any CPU
		{180C41EF-CB5D-422E-92C0-2E797AE96845}.Release|Win32.ActiveCfg = Release|Any CPU
		{180C41EF-CB5D-422E-92C0-2E797AE96845}.Release|Win32.Build.0 = Release|Any CPU
		{180C41EF-CB5D-422E-92C0-2E797AE96845}.Release|x64.ActiveCfg = Release|Any CPU
		{180C41EF-CB5D-422E-92C0-2E797AE96845}.Release|x64.Build.0 = Release|Any CPU
		{CF7B39FB-42D7-4A87-9D68-EB39FBC259A3}.Debug|Any CPU.ActiveCfg = Debug|Any CPU
		{CF7B39FB-42D7-4A87-9D68-EB39FBC259A3}.Debug|Any CPU.Build.0 = Debug|Any CPU
		{CF7B39FB-42D7-4A87-9D68-EB39FBC259A3}.Debug|Mixed Platforms.ActiveCfg = Debug|Any CPU
		{CF7B39FB-42D7-4A87-9D68-EB39FBC259A3}.Debug|Mixed Platforms.Build.0 = Debug|Any CPU
		{CF7B39FB-42D7-4A87-9D68-EB39FBC259A3}.Debug|Win32.ActiveCfg = Debug|Any CPU
		{CF7B39FB-42D7-4A87-9D68-EB39FBC259A3}.Debug|Win32.Build.0 = Debug|Any CPU
		{CF7B39FB-42D7-4A87-9D68-EB39FBC259A3}.Debug|x64.ActiveCfg = Debug|Any CPU
		{CF7B39FB-42D7-4A87-9D68-EB39FBC259A3}.Debug|x64.Build.0 = Debug|Any CPU
		{CF7B39FB-42D7-4A87-9D68-EB39FBC259A3}.Release|Any CPU.ActiveCfg = Release|Any CPU
		{CF7B39FB-42D7-4A87-9D68-EB39FBC259A3}.Release|Any CPU.Build.0 = Release|Any CPU
		{CF7B39FB-42D7-4A87-9D68-EB39FBC259A3}.Release|Mixed Platforms.ActiveCfg = Release|Any CPU
		{CF7B39FB-42D7-4A87-9D68-EB39FBC259A3}.Release|Mixed Platforms.Build.0 = Release|Any CPU
		{CF7B39FB-42D7-4A87-9D68-EB39FBC259A3}.Release|Win32.ActiveCfg = Release|Any CPU
		{CF7B39FB-42D7-4A87-9D68-EB39FBC259A3}.Release|Win32.Build.0 = Release|Any CPU
		{CF7B39FB-42D7-4A87-9D68-EB39FBC259A3}.Release|x64.ActiveCfg = Release|Any CPU
		{CF7B39FB-42D7-4A87-9D68-EB39FBC259A3}.Release|x64.Build.0 = Release|Any CPU
		{95B038F8-244E-441B-86C5-63D2D5AA4696}.Debug|Any CPU.ActiveCfg = Debug|Any CPU
		{95B038F8-244E-441B-86C5-63D2D5AA4696}.Debug|Any CPU.Build.0 = Debug|Any CPU
		{95B038F8-244E-441B-86C5-63D2D5AA4696}.Debug|Mixed Platforms.ActiveCfg = Debug|Any CPU
		{95B038F8-244E-441B-86C5-63D2D5AA4696}.Debug|Mixed Platforms.Build.0 = Debug|Any CPU
		{95B038F8-244E-441B-86C5-63D2D5AA4696}.Debug|Win32.ActiveCfg = Debug|Any CPU
		{95B038F8-244E-441B-86C5-63D2D5AA4696}.Debug|Win32.Build.0 = Debug|Any CPU
		{95B038F8-244E-441B-86C5-63D2D5AA4696}.Debug|x64.ActiveCfg = Debug|Any CPU
		{95B038F8-244E-441B-86C5-63D2D5AA4696}.Debug|x64.Build.0 = Debug|Any CPU
		{95B038F8-244E-441B-86C5-63D2D5AA4696}.Release|Any CPU.ActiveCfg = Release|Any CPU
		{95B038F8-244E-441B-86C5-63D2D5AA4696}.Release|Any CPU.Build.0 = Release|Any CPU
		{95B038F8-244E-441B-86C5-63D2D5AA4696}.Release|Mixed Platforms.ActiveCfg = Release|Any CPU
		{95B038F8-244E-441B-86C5-63D2D5AA4696}.Release|Mixed Platforms.Build.0 = Release|Any CPU
		{95B038F8-244E-441B-86C5-63D2D5AA4696}.Release|Win32.ActiveCfg = Release|Any CPU
		{95B038F8-244E-441B-86C5-63D2D5AA4696}.Release|Win32.Build.0 = Release|Any CPU
		{95B038F8-244E-441B-86C5-63D2D5AA4696}.Release|x64.ActiveCfg = Release|Any CPU
		{95B038F8-244E-441B-86C5-63D2D5AA4696}.Release|x64.Build.0 = Release|Any CPU
		{5D5D8968-9BE0-4FEA-BFBE-62887C41CFA1}.Debug|Any CPU.ActiveCfg = Debug|Any CPU
		{5D5D8968-9BE0-4FEA-BFBE-62887C41CFA1}.Debug|Any CPU.Build.0 = Debug|Any CPU
		{5D5D8968-9BE0-4FEA-BFBE-62887C41CFA1}.Debug|Mixed Platforms.ActiveCfg = Debug|Any CPU
		{5D5D8968-9BE0-4FEA-BFBE-62887C41CFA1}.Debug|Mixed Platforms.Build.0 = Debug|Any CPU
		{5D5D8968-9BE0-4FEA-BFBE-62887C41CFA1}.Debug|Win32.ActiveCfg = Debug|Any CPU
		{5D5D8968-9BE0-4FEA-BFBE-62887C41CFA1}.Debug|Win32.Build.0 = Debug|Any CPU
		{5D5D8968-9BE0-4FEA-BFBE-62887C41CFA1}.Debug|x64.ActiveCfg = Debug|Any CPU
		{5D5D8968-9BE0-4FEA-BFBE-62887C41CFA1}.Debug|x64.Build.0 = Debug|Any CPU
		{5D5D8968-9BE0-4FEA-BFBE-62887C41CFA1}.Release|Any CPU.ActiveCfg = Release|Any CPU
		{5D5D8968-9BE0-4FEA-BFBE-62887C41CFA1}.Release|Any CPU.Build.0 = Release|Any CPU
		{5D5D8968-9BE0-4FEA-BFBE-62887C41CFA1}.Release|Mixed Platforms.ActiveCfg = Release|Any CPU
		{5D5D8968-9BE0-4FEA-BFBE-62887C41CFA1}.Release|Mixed Platforms.Build.0 = Release|Any CPU
		{5D5D8968-9BE0-4FEA-BFBE-62887C41CFA1}.Release|Win32.ActiveCfg = Release|Any CPU
		{5D5D8968-9BE0-4FEA-BFBE-62887C41CFA1}.Release|Win32.Build.0 = Release|Any CPU
		{5D5D8968-9BE0-4FEA-BFBE-62887C41CFA1}.Release|x64.ActiveCfg = Release|Any CPU
		{5D5D8968-9BE0-4FEA-BFBE-62887C41CFA1}.Release|x64.Build.0 = Release|Any CPU
		{540889A0-C756-44A8-A1AB-536EE7276D70}.Debug|Any CPU.ActiveCfg = Debug|x64
		{540889A0-C756-44A8-A1AB-536EE7276D70}.Debug|Mixed Platforms.ActiveCfg = Debug|x64
		{540889A0-C756-44A8-A1AB-536EE7276D70}.Debug|Mixed Platforms.Build.0 = Debug|x64
		{540889A0-C756-44A8-A1AB-536EE7276D70}.Debug|Win32.ActiveCfg = Debug|Win32
		{540889A0-C756-44A8-A1AB-536EE7276D70}.Debug|Win32.Build.0 = Debug|Win32
		{540889A0-C756-44A8-A1AB-536EE7276D70}.Debug|x64.ActiveCfg = Debug|x64
		{540889A0-C756-44A8-A1AB-536EE7276D70}.Debug|x64.Build.0 = Debug|x64
		{540889A0-C756-44A8-A1AB-536EE7276D70}.Release|Any CPU.ActiveCfg = Release|x64
		{540889A0-C756-44A8-A1AB-536EE7276D70}.Release|Mixed Platforms.ActiveCfg = Release|x64
		{540889A0-C756-44A8-A1AB-536EE7276D70}.Release|Mixed Platforms.Build.0 = Release|x64
		{540889A0-C756-44A8-A1AB-536EE7276D70}.Release|Win32.ActiveCfg = Release|Win32
		{540889A0-C756-44A8-A1AB-536EE7276D70}.Release|Win32.Build.0 = Release|Win32
		{540889A0-C756-44A8-A1AB-536EE7276D70}.Release|x64.ActiveCfg = Release|x64
		{540889A0-C756-44A8-A1AB-536EE7276D70}.Release|x64.Build.0 = Release|x64
		{89B2BD42-B130-4811-9043-71A8EBC40DE5}.Debug|Any CPU.ActiveCfg = Debug_VC9-UNICODE|x64
		{89B2BD42-B130-4811-9043-71A8EBC40DE5}.Debug|Mixed Platforms.ActiveCfg = Debug_VC9-UNICODE|x64
		{89B2BD42-B130-4811-9043-71A8EBC40DE5}.Debug|Mixed Platforms.Build.0 = Debug_VC9-UNICODE|x64
		{89B2BD42-B130-4811-9043-71A8EBC40DE5}.Debug|Win32.ActiveCfg = Debug_VC9-UNICODE|Win32
		{89B2BD42-B130-4811-9043-71A8EBC40DE5}.Debug|Win32.Build.0 = Debug_VC9-UNICODE|Win32
		{89B2BD42-B130-4811-9043-71A8EBC40DE5}.Debug|x64.ActiveCfg = Debug_VC9-UNICODE|x64
		{89B2BD42-B130-4811-9043-71A8EBC40DE5}.Debug|x64.Build.0 = Debug_VC9-UNICODE|x64
		{89B2BD42-B130-4811-9043-71A8EBC40DE5}.Release|Any CPU.ActiveCfg = Release_VC9-UNICODE|x64
		{89B2BD42-B130-4811-9043-71A8EBC40DE5}.Release|Mixed Platforms.ActiveCfg = Release_VC9-UNICODE|x64
		{89B2BD42-B130-4811-9043-71A8EBC40DE5}.Release|Mixed Platforms.Build.0 = Release_VC9-UNICODE|x64
		{89B2BD42-B130-4811-9043-71A8EBC40DE5}.Release|Win32.ActiveCfg = Release_VC9-UNICODE|Win32
		{89B2BD42-B130-4811-9043-71A8EBC40DE5}.Release|Win32.Build.0 = Release_VC9-UNICODE|Win32
		{89B2BD42-B130-4811-9043-71A8EBC40DE5}.Release|x64.ActiveCfg = Release_VC9-UNICODE|x64
		{89B2BD42-B130-4811-9043-71A8EBC40DE5}.Release|x64.Build.0 = Release_VC9-UNICODE|x64
		{EDE03948-20A1-46CF-AA94-DF7B87C00565}.Debug|Any CPU.ActiveCfg = Debug|x64
		{EDE03948-20A1-46CF-AA94-DF7B87C00565}.Debug|Mixed Platforms.ActiveCfg = Debug|x64
		{EDE03948-20A1-46CF-AA94-DF7B87C00565}.Debug|Mixed Platforms.Build.0 = Debug|x64
		{EDE03948-20A1-46CF-AA94-DF7B87C00565}.Debug|Win32.ActiveCfg = Debug|Win32
		{EDE03948-20A1-46CF-AA94-DF7B87C00565}.Debug|Win32.Build.0 = Debug|Win32
		{EDE03948-20A1-46CF-AA94-DF7B87C00565}.Debug|x64.ActiveCfg = Debug|x64
		{EDE03948-20A1-46CF-AA94-DF7B87C00565}.Debug|x64.Build.0 = Debug|x64
		{EDE03948-20A1-46CF-AA94-DF7B87C00565}.Release|Any CPU.ActiveCfg = Release|x64
		{EDE03948-20A1-46CF-AA94-DF7B87C00565}.Release|Mixed Platforms.ActiveCfg = Release|x64
		{EDE03948-20A1-46CF-AA94-DF7B87C00565}.Release|Mixed Platforms.Build.0 = Release|x64
		{EDE03948-20A1-46CF-AA94-DF7B87C00565}.Release|Win32.ActiveCfg = Release|Win32
		{EDE03948-20A1-46CF-AA94-DF7B87C00565}.Release|Win32.Build.0 = Release|Win32
		{EDE03948-20A1-46CF-AA94-DF7B87C00565}.Release|x64.ActiveCfg = Release|x64
		{EDE03948-20A1-46CF-AA94-DF7B87C00565}.Release|x64.Build.0 = Release|x64
		{27AAF7AF-BF52-4797-B07B-1C807D599699}.Debug|Any CPU.ActiveCfg = Debug|x64
		{27AAF7AF-BF52-4797-B07B-1C807D599699}.Debug|Mixed Platforms.ActiveCfg = Debug|x64
		{27AAF7AF-BF52-4797-B07B-1C807D599699}.Debug|Mixed Platforms.Build.0 = Debug|x64
		{27AAF7AF-BF52-4797-B07B-1C807D599699}.Debug|Win32.ActiveCfg = Debug|Win32
		{27AAF7AF-BF52-4797-B07B-1C807D599699}.Debug|Win32.Build.0 = Debug|Win32
		{27AAF7AF-BF52-4797-B07B-1C807D599699}.Debug|x64.ActiveCfg = Debug|x64
		{27AAF7AF-BF52-4797-B07B-1C807D599699}.Debug|x64.Build.0 = Debug|x64
		{27AAF7AF-BF52-4797-B07B-1C807D599699}.Release|Any CPU.ActiveCfg = Release|x64
		{27AAF7AF-BF52-4797-B07B-1C807D599699}.Release|Mixed Platforms.ActiveCfg = Release|x64
		{27AAF7AF-BF52-4797-B07B-1C807D599699}.Release|Mixed Platforms.Build.0 = Release|x64
		{27AAF7AF-BF52-4797-B07B-1C807D599699}.Release|Win32.ActiveCfg = Release|Win32
		{27AAF7AF-BF52-4797-B07B-1C807D599699}.Release|Win32.Build.0 = Release|Win32
		{27AAF7AF-BF52-4797-B07B-1C807D599699}.Release|x64.ActiveCfg = Release|x64
		{27AAF7AF-BF52-4797-B07B-1C807D599699}.Release|x64.Build.0 = Release|x64
		{29E9BAF5-E237-48DE-9B7A-1E03C69B7906}.Debug|Any CPU.ActiveCfg = Debug|Win32
		{29E9BAF5-E237-48DE-9B7A-1E03C69B7906}.Debug|Mixed Platforms.ActiveCfg = Debug|Win32
		{29E9BAF5-E237-48DE-9B7A-1E03C69B7906}.Debug|Mixed Platforms.Build.0 = Debug|Win32
		{29E9BAF5-E237-48DE-9B7A-1E03C69B7906}.Debug|Win32.ActiveCfg = Debug|Win32
		{29E9BAF5-E237-48DE-9B7A-1E03C69B7906}.Debug|Win32.Build.0 = Debug|Win32
		{29E9BAF5-E237-48DE-9B7A-1E03C69B7906}.Debug|x64.ActiveCfg = Debug|x64
		{29E9BAF5-E237-48DE-9B7A-1E03C69B7906}.Debug|x64.Build.0 = Debug|x64
		{29E9BAF5-E237-48DE-9B7A-1E03C69B7906}.Release|Any CPU.ActiveCfg = Release|Win32
		{29E9BAF5-E237-48DE-9B7A-1E03C69B7906}.Release|Mixed Platforms.ActiveCfg = Release|Win32
		{29E9BAF5-E237-48DE-9B7A-1E03C69B7906}.Release|Mixed Platforms.Build.0 = Release|Win32
		{29E9BAF5-E237-48DE-9B7A-1E03C69B7906}.Release|Win32.ActiveCfg = Release|Win32
		{29E9BAF5-E237-48DE-9B7A-1E03C69B7906}.Release|Win32.Build.0 = Release|Win32
		{29E9BAF5-E237-48DE-9B7A-1E03C69B7906}.Release|x64.ActiveCfg = Release|x64
		{29E9BAF5-E237-48DE-9B7A-1E03C69B7906}.Release|x64.Build.0 = Release|x64
		{567388CF-8BEC-4335-95D9-240F39622EB2}.Debug|Any CPU.ActiveCfg = Debug|x64
		{567388CF-8BEC-4335-95D9-240F39622EB2}.Debug|Mixed Platforms.ActiveCfg = Debug|x64
		{567388CF-8BEC-4335-95D9-240F39622EB2}.Debug|Mixed Platforms.Build.0 = Debug|x64
		{567388CF-8BEC-4335-95D9-240F39622EB2}.Debug|Win32.ActiveCfg = Debug|Win32
		{567388CF-8BEC-4335-95D9-240F39622EB2}.Debug|Win32.Build.0 = Debug|Win32
		{567388CF-8BEC-4335-95D9-240F39622EB2}.Debug|x64.ActiveCfg = Debug|x64
		{567388CF-8BEC-4335-95D9-240F39622EB2}.Debug|x64.Build.0 = Debug|x64
		{567388CF-8BEC-4335-95D9-240F39622EB2}.Release|Any CPU.ActiveCfg = Release|x64
		{567388CF-8BEC-4335-95D9-240F39622EB2}.Release|Mixed Platforms.ActiveCfg = Release|x64
		{567388CF-8BEC-4335-95D9-240F39622EB2}.Release|Mixed Platforms.Build.0 = Release|x64
		{567388CF-8BEC-4335-95D9-240F39622EB2}.Release|Win32.ActiveCfg = Release|Win32
		{567388CF-8BEC-4335-95D9-240F39622EB2}.Release|Win32.Build.0 = Release|Win32
		{567388CF-8BEC-4335-95D9-240F39622EB2}.Release|x64.ActiveCfg = Release|x64
		{567388CF-8BEC-4335-95D9-240F39622EB2}.Release|x64.Build.0 = Release|x64
	EndGlobalSection
	GlobalSection(SolutionProperties) = preSolution
		HideSolutionNode = FALSE
	EndGlobalSection
	GlobalSection(NestedProjects) = preSolution
		{8946A7CE-5C7D-4BDE-8429-C491FB198BAB} = {171E3F30-9CC2-4D17-A610-B3F30F4DD097}
		{39D97D39-26BD-4016-B8B6-6F594F7E9302} = {171E3F30-9CC2-4D17-A610-B3F30F4DD097}
		{6512708C-0CB1-427E-8489-9342403AAC68} = {6C45550A-6BF6-4199-B071-E54C32F3D116}
		{180C41EF-CB5D-422E-92C0-2E797AE96845} = {6C45550A-6BF6-4199-B071-E54C32F3D116}
		{CF7B39FB-42D7-4A87-9D68-EB39FBC259A3} = {6C45550A-6BF6-4199-B071-E54C32F3D116}
		{5D5D8968-9BE0-4FEA-BFBE-62887C41CFA1} = {6C45550A-6BF6-4199-B071-E54C32F3D116}
		{95B038F8-244E-441B-86C5-63D2D5AA4696} = {6512708C-0CB1-427E-8489-9342403AAC68}
		{540889A0-C756-44A8-A1AB-536EE7276D70} = {6A2BF934-D0AE-488D-815C-F38BA671D80C}
		{567388CF-8BEC-4335-95D9-240F39622EB2} = {6A2BF934-D0AE-488D-815C-F38BA671D80C}
		{EDE03948-20A1-46CF-AA94-DF7B87C00565} = {D2979E7E-F281-4417-A5E9-DD935C55256F}
		{27AAF7AF-BF52-4797-B07B-1C807D599699} = {D2979E7E-F281-4417-A5E9-DD935C55256F}
		{29E9BAF5-E237-48DE-9B7A-1E03C69B7906} = {0EF668DD-CBF9-48EB-85FC-3E1A971742EC}
		{C8F6C172-56F2-4E76-B5FA-C3B423B31BE7} = {0EF668DD-CBF9-48EB-85FC-3E1A971742EC}
	EndGlobalSection
EndGlobal
