<?xml version="1.0" encoding="utf-8"?>
<Project ToolsVersion="4.0" xmlns="http://schemas.microsoft.com/developer/msbuild/2003">
  <ItemGroup>
    <Filter Include="Source Files">
      <UniqueIdentifier>{4FC737F1-C7A5-4376-A066-2A32D752A2FF}</UniqueIdentifier>
      <Extensions>cpp;c;cc;cxx;def;odl;idl;hpj;bat;asm;asmx</Extensions>
    </Filter>
    <Filter Include="Source Files\ExternalLib">
      <UniqueIdentifier>{818607af-e358-43fb-a747-480ec2ae5279}</UniqueIdentifier>
    </Filter>
    <Filter Include="Source Files\ExternalLib\Loki">
      <UniqueIdentifier>{21f9b236-a48b-4b59-9d19-aaae2ed078f6}</UniqueIdentifier>
    </Filter>
    <Filter Include="Source Files\ProcessThread">
      <UniqueIdentifier>{b7c900fb-1186-4f3b-b9a9-281dfba12fc7}</UniqueIdentifier>
    </Filter>
    <Filter Include="Source Files\Diagnostics">
      <UniqueIdentifier>{75074979-9754-4cbf-b1a9-8d60c8a4e05c}</UniqueIdentifier>
    </Filter>
    <Filter Include="Source Files\Diagnostics\UnhandledExceptionHandler">
      <UniqueIdentifier>{62d372bf-023d-4227-9d0e-ade758d1f5f2}</UniqueIdentifier>
    </Filter>
    <Filter Include="Source Files\Diagnostics\Log">
      <UniqueIdentifier>{681b48af-f5c9-45f4-a6d2-92d2df56f556}</UniqueIdentifier>
    </Filter>
    <Filter Include="Source Files\Memory">
      <UniqueIdentifier>{733ebcbf-76ed-4600-854b-80c46de8789c}</UniqueIdentifier>
    </Filter>
    <Filter Include="Source Files\Network">
      <UniqueIdentifier>{f8222b1f-a8db-4163-82c6-ee29fcdb075a}</UniqueIdentifier>
    </Filter>
    <Filter Include="Source Files\Network\Mail">
      <UniqueIdentifier>{8d6bc809-c214-4c22-bffa-ff87aab07c0e}</UniqueIdentifier>
    </Filter>
    <Filter Include="Source Files\RTTI">
      <UniqueIdentifier>{071304b6-8f7f-4c99-840c-2d586718b998}</UniqueIdentifier>
    </Filter>
    <Filter Include="Source Files\Algorithm">
      <UniqueIdentifier>{9a0eaf19-ebea-4348-8e8f-597cf1810f32}</UniqueIdentifier>
    </Filter>
    <Filter Include="Source Files\System">
      <UniqueIdentifier>{fb56a3fe-ff1e-439b-86fc-13d2d97ce106}</UniqueIdentifier>
    </Filter>
    <Filter Include="Source Files\System\Win32Service">
      <UniqueIdentifier>{d057a343-0404-4972-9b84-32d43ba799c2}</UniqueIdentifier>
    </Filter>
    <Filter Include="Source Files\StlCustom">
      <UniqueIdentifier>{41c7e225-2e0b-483d-9b97-58fdeb359d26}</UniqueIdentifier>
    </Filter>
    <Filter Include="Source Files\Configuration">
      <UniqueIdentifier>{a4c26f59-b89e-401c-8e8e-a13a993b379e}</UniqueIdentifier>
    </Filter>
    <Filter Include="Source Files\Text">
      <UniqueIdentifier>{ed152ac3-3b22-4c7e-9bb1-99385dd0e706}</UniqueIdentifier>
    </Filter>
    <Filter Include="Source Files\Security">
      <UniqueIdentifier>{d7cf70c0-91e1-4d68-befd-de5f39f38167}</UniqueIdentifier>
    </Filter>
    <Filter Include="Header Files">
      <UniqueIdentifier>{93995380-89BD-4b04-88EB-625FBE52EBFB}</UniqueIdentifier>
      <Extensions>h;hpp;hxx;hm;inl;inc;xsd</Extensions>
    </Filter>
    <Filter Include="Header Files\ExternalLib">
      <UniqueIdentifier>{fe5259b9-315b-4236-91f5-764c78542125}</UniqueIdentifier>
    </Filter>
    <Filter Include="Header Files\ExternalLib\Loki">
      <UniqueIdentifier>{7d9951bd-09d1-48dd-b791-fc04ccb6928b}</UniqueIdentifier>
    </Filter>
    <Filter Include="Header Files\ProcessThread">
      <UniqueIdentifier>{89e0f785-8730-4133-89bf-f1bbae070389}</UniqueIdentifier>
    </Filter>
    <Filter Include="Header Files\Diagnostics">
      <UniqueIdentifier>{c5b613c0-ded6-47df-8278-ae6811367110}</UniqueIdentifier>
    </Filter>
    <Filter Include="Header Files\Diagnostics\UnhandledExceptionHandler">
      <UniqueIdentifier>{4660f611-a14c-4332-8de6-deb73405a68f}</UniqueIdentifier>
    </Filter>
    <Filter Include="Header Files\Diagnostics\Log">
      <UniqueIdentifier>{514a0b51-0cc4-479f-8463-c63f4b93bd7a}</UniqueIdentifier>
    </Filter>
    <Filter Include="Header Files\Memory">
      <UniqueIdentifier>{1c7a4f0a-9b28-4cd4-9ce2-ed9a786cb92a}</UniqueIdentifier>
    </Filter>
    <Filter Include="Header Files\System">
      <UniqueIdentifier>{bdb118db-b29e-4c92-8214-b13223e31226}</UniqueIdentifier>
    </Filter>
    <Filter Include="Header Files\System\Win32Service">
      <UniqueIdentifier>{da7f63c0-b2d0-4f79-9d6c-29444819c6d9}</UniqueIdentifier>
    </Filter>
    <Filter Include="Header Files\PAL">
      <UniqueIdentifier>{0923ce20-8a98-41f4-b225-1421f5903129}</UniqueIdentifier>
    </Filter>
    <Filter Include="Header Files\Network">
      <UniqueIdentifier>{82e5f22d-d0e4-422b-a406-69165742e6b8}</UniqueIdentifier>
    </Filter>
    <Filter Include="Header Files\Network\Mail">
      <UniqueIdentifier>{fe539649-47ce-423e-aba9-6c212b903d85}</UniqueIdentifier>
    </Filter>
    <Filter Include="Header Files\RTTI">
      <UniqueIdentifier>{4a8d1922-87a2-46a4-85e2-da2e18e85141}</UniqueIdentifier>
    </Filter>
    <Filter Include="Header Files\Algorithm">
      <UniqueIdentifier>{38a8c38b-3bb4-434b-a018-26ddb7e46544}</UniqueIdentifier>
    </Filter>
    <Filter Include="Header Files\Metaprogramming">
      <UniqueIdentifier>{9dd17bb2-e9c8-454e-98b5-c5e7dfd6d0b5}</UniqueIdentifier>
    </Filter>
    <Filter Include="Header Files\Math">
      <UniqueIdentifier>{80ba2a76-c398-464c-ad7f-1cf4d57c5e8c}</UniqueIdentifier>
    </Filter>
    <Filter Include="Header Files\StlCustom">
      <UniqueIdentifier>{a5367c6b-8176-40d1-9282-27264536f683}</UniqueIdentifier>
    </Filter>
    <Filter Include="Header Files\Configuration">
      <UniqueIdentifier>{d47cdf42-1805-4198-bd3a-de2c1588da3a}</UniqueIdentifier>
    </Filter>
    <Filter Include="Header Files\Text">
      <UniqueIdentifier>{8281cb34-5cb6-44b2-8a1c-890c6b244ae2}</UniqueIdentifier>
    </Filter>
    <Filter Include="Header Files\Security">
      <UniqueIdentifier>{0aea0fca-0d3e-488b-a50e-a0f8150e646d}</UniqueIdentifier>
    </Filter>
    <Filter Include="Resource Files">
      <UniqueIdentifier>{67DA6AB6-F800-4c08-8B7A-83BB121AAD01}</UniqueIdentifier>
      <Extensions>rc;ico;cur;bmp;dlg;rc2;rct;bin;rgs;gif;jpg;jpeg;jpe;resx;tiff;tif;png;wav</Extensions>
    </Filter>
  </ItemGroup>
  <ItemGroup>
    <ClCompile Include="src\Listener.cpp">
      <Filter>Source Files</Filter>
    </ClCompile>
    <ClCompile Include="src\SocketHelper.cpp">
      <Filter>Source Files</Filter>
    </ClCompile>
    <ClCompile Include="src\stdafx.cpp">
      <Filter>Source Files</Filter>
    </ClCompile>
    <ClCompile Include="src\Loki\Singleton.cpp">
      <Filter>Source Files\ExternalLib\Loki</Filter>
    </ClCompile>
    <ClCompile Include="src\EarlgreyProcess.cpp">
      <Filter>Source Files\ProcessThread</Filter>
    </ClCompile>
    <ClCompile Include="src\Executor.cpp">
      <Filter>Source Files\ProcessThread</Filter>
    </ClCompile>
    <ClCompile Include="src\NoLock.cpp">
      <Filter>Source Files\ProcessThread</Filter>
    </ClCompile>
    <ClCompile Include="src\ProcessModule.cpp">
      <Filter>Source Files\ProcessThread</Filter>
    </ClCompile>
    <ClCompile Include="src\Thread.cpp">
      <Filter>Source Files\ProcessThread</Filter>
    </ClCompile>
    <ClCompile Include="src\ThreadId.cpp">
      <Filter>Source Files\ProcessThread</Filter>
    </ClCompile>
    <ClCompile Include="src\ThreadLocal.cpp">
      <Filter>Source Files\ProcessThread</Filter>
    </ClCompile>
    <ClCompile Include="src\ThreadRunnable.cpp">
      <Filter>Source Files\ProcessThread</Filter>
    </ClCompile>
    <ClCompile Include="src\Timer.cpp">
      <Filter>Source Files\ProcessThread</Filter>
    </ClCompile>
    <ClCompile Include="src\TimerManager.cpp">
      <Filter>Source Files\ProcessThread</Filter>
    </ClCompile>
    <ClCompile Include="src\TimerRunnable.cpp">
      <Filter>Source Files\ProcessThread</Filter>
    </ClCompile>
    <ClCompile Include="src\EarlgreyAssert.cpp">
      <Filter>Source Files\Diagnostics</Filter>
    </ClCompile>
    <ClCompile Include="src\FileVersionInfo.cpp">
      <Filter>Source Files\Diagnostics</Filter>
    </ClCompile>
    <ClCompile Include="src\RuntimeCheck.cpp">
      <Filter>Source Files\Diagnostics</Filter>
    </ClCompile>
    <ClCompile Include="src\ExceptionEMailer.cpp">
      <Filter>Source Files\Diagnostics\UnhandledExceptionHandler</Filter>
    </ClCompile>
    <ClCompile Include="src\GlobalExceptionHandler.cpp">
      <Filter>Source Files\Diagnostics\UnhandledExceptionHandler</Filter>
    </ClCompile>
    <ClCompile Include="src\MiniDump.cpp">
      <Filter>Source Files\Diagnostics\UnhandledExceptionHandler</Filter>
    </ClCompile>
    <ClCompile Include="src\StackWriter.cpp">
      <Filter>Source Files\Diagnostics\UnhandledExceptionHandler</Filter>
    </ClCompile>
    <ClCompile Include="src\EventLog.cpp">
      <Filter>Source Files\Diagnostics\Log</Filter>
    </ClCompile>
    <ClCompile Include="src\Log.cpp">
      <Filter>Source Files\Diagnostics\Log</Filter>
    </ClCompile>
    <ClCompile Include="src\Logger.cpp">
      <Filter>Source Files\Diagnostics\Log</Filter>
    </ClCompile>
    <ClCompile Include="src\MemoryBlock.cpp">
      <Filter>Source Files\Memory</Filter>
    </ClCompile>
    <ClCompile Include="src\SlabAllocator.cpp">
      <Filter>Source Files\Memory</Filter>
    </ClCompile>
    <ClCompile Include="src\StackAllocator.cpp">
      <Filter>Source Files\Memory</Filter>
    </ClCompile>
    <ClCompile Include="src\StackMemoryManager.cpp">
      <Filter>Source Files\Memory</Filter>
    </ClCompile>
    <ClCompile Include="src\Acceptor.cpp">
      <Filter>Source Files\Network</Filter>
    </ClCompile>
    <ClCompile Include="src\AsyncStream.cpp">
      <Filter>Source Files\Network</Filter>
    </ClCompile>
    <ClCompile Include="src\Connection.cpp">
      <Filter>Source Files\Network</Filter>
    </ClCompile>
    <ClCompile Include="src\Connector.cpp">
      <Filter>Source Files\Network</Filter>
    </ClCompile>
    <ClCompile Include="src\Disconnector.cpp">
      <Filter>Source Files\Network</Filter>
    </ClCompile>
    <ClCompile Include="src\Dns.cpp">
      <Filter>Source Files\Network</Filter>
    </ClCompile>
    <ClCompile Include="src\InputStream.cpp">
      <Filter>Source Files\Network</Filter>
    </ClCompile>
    <ClCompile Include="src\IOCP.cpp">
      <Filter>Source Files\Network</Filter>
    </ClCompile>
    <ClCompile Include="src\IPAddress.cpp">
      <Filter>Source Files\Network</Filter>
    </ClCompile>
    <ClCompile Include="src\IPGlobalProperties.cpp">
      <Filter>Source Files\Network</Filter>
    </ClCompile>
    <ClCompile Include="src\IPHostEntry.cpp">
      <Filter>Source Files\Network</Filter>
    </ClCompile>
    <ClCompile Include="src\NetworkBuffer.cpp">
      <Filter>Source Files\Network</Filter>
    </ClCompile>
    <ClCompile Include="src\OutputStream.cpp">
      <Filter>Source Files\Network</Filter>
    </ClCompile>
    <ClCompile Include="src\PacketHandler.cpp">
      <Filter>Source Files\Network</Filter>
    </ClCompile>
    <ClCompile Include="src\Proactor.cpp">
      <Filter>Source Files\Network</Filter>
    </ClCompile>
    <ClCompile Include="src\Receiver.cpp">
      <Filter>Source Files\Network</Filter>
    </ClCompile>
    <ClCompile Include="src\Sender.cpp">
      <Filter>Source Files\Network</Filter>
    </ClCompile>
    <ClCompile Include="src\SmtpClient.cpp">
      <Filter>Source Files\Network</Filter>
    </ClCompile>
    <ClCompile Include="src\Socket.cpp">
      <Filter>Source Files\Network</Filter>
    </ClCompile>
    <ClCompile Include="src\SystemTcpStatistics.cpp">
      <Filter>Source Files\Network</Filter>
    </ClCompile>
    <ClCompile Include="src\TcpListener.cpp">
      <Filter>Source Files\Network</Filter>
    </ClCompile>
    <ClCompile Include="src\WaitEvent.cpp">
      <Filter>Source Files\Network</Filter>
    </ClCompile>
    <ClCompile Include="src\WindowsFirewall.cpp">
      <Filter>Source Files\Network</Filter>
    </ClCompile>
    <ClCompile Include="src\lockfree.cpp">
      <Filter>Source Files\Algorithm</Filter>
    </ClCompile>
    <ClCompile Include="src\SinglyLinkedList.cpp">
      <Filter>Source Files\Algorithm</Filter>
    </ClCompile>
    <ClCompile Include="src\Application.cpp">
      <Filter>Source Files\System</Filter>
    </ClCompile>
    <ClCompile Include="src\COMHelper.cpp">
      <Filter>Source Files\System</Filter>
    </ClCompile>
    <ClCompile Include="src\Console.cpp">
      <Filter>Source Files\System</Filter>
    </ClCompile>
    <ClCompile Include="src\DateTime.cpp">
      <Filter>Source Files\System</Filter>
    </ClCompile>
    <ClCompile Include="src\Environment.cpp">
      <Filter>Source Files\System</Filter>
    </ClCompile>
    <ClCompile Include="src\File.cpp">
      <Filter>Source Files\System</Filter>
    </ClCompile>
    <ClCompile Include="src\OperatingSystem.cpp">
      <Filter>Source Files\System</Filter>
    </ClCompile>
    <ClCompile Include="src\Path.cpp">
      <Filter>Source Files\System</Filter>
    </ClCompile>
    <ClCompile Include="src\ProcessInitializer.cpp">
      <Filter>Source Files\System</Filter>
    </ClCompile>
    <ClCompile Include="src\Processor.cpp">
      <Filter>Source Files\System</Filter>
    </ClCompile>
    <ClCompile Include="src\Registry.cpp">
      <Filter>Source Files\System</Filter>
    </ClCompile>
    <ClCompile Include="src\RegistryKey.cpp">
      <Filter>Source Files\System</Filter>
    </ClCompile>
    <ClCompile Include="src\SingleAppInstance.cpp">
      <Filter>Source Files\System</Filter>
    </ClCompile>
    <ClCompile Include="src\StringHelper.cpp">
      <Filter>Source Files\System</Filter>
    </ClCompile>
    <ClCompile Include="src\TimeSpan.cpp">
      <Filter>Source Files\System</Filter>
    </ClCompile>
    <ClCompile Include="src\ServiceBase.cpp">
      <Filter>Source Files\System\Win32Service</Filter>
    </ClCompile>
    <ClCompile Include="src\ServiceHelper.cpp">
      <Filter>Source Files\System\Win32Service</Filter>
    </ClCompile>
    <ClCompile Include="src\ServiceInstaller.cpp">
      <Filter>Source Files\System\Win32Service</Filter>
    </ClCompile>
    <ClCompile Include="src\ServiceSettings.cpp">
      <Filter>Source Files\System\Win32Service</Filter>
    </ClCompile>
    <ClCompile Include="src\tiostream.cpp">
      <Filter>Source Files\StlCustom</Filter>
    </ClCompile>
    <ClCompile Include="src\DefaultAppSettings.cpp">
      <Filter>Source Files\Configuration</Filter>
    </ClCompile>
    <ClCompile Include="src\IniReader.cpp">
      <Filter>Source Files\Configuration</Filter>
    </ClCompile>
    <ClCompile Include="src\IniSection.cpp">
      <Filter>Source Files\Configuration</Filter>
    </ClCompile>
    <ClCompile Include="src\MD5.cpp">
      <Filter>Source Files\Security</Filter>
    </ClCompile>
    <ClCompile Include="src\Convert.cpp">
      <Filter>Source Files\Text</Filter>
    </ClCompile>
  </ItemGroup>
  <ItemGroup>
    <ClInclude Include="inc\BuildConfiguration.h">
      <Filter>Header Files</Filter>
    </ClInclude>
    <ClInclude Include="inc\Earlgrey.h">
      <Filter>Header Files</Filter>
    </ClInclude>
    <ClInclude Include="inc\EarlgreyPrivate.h">
      <Filter>Header Files</Filter>
    </ClInclude>
    <ClInclude Include="inc\Macros.h">
      <Filter>Header Files</Filter>
    </ClInclude>
    <ClInclude Include="resource.h">
      <Filter>Header Files</Filter>
    </ClInclude>
    <ClInclude Include="inc\stdafx.h">
      <Filter>Header Files</Filter>
    </ClInclude>
    <ClInclude Include="inc\targetver.h">
      <Filter>Header Files</Filter>
    </ClInclude>
    <ClInclude Include="inc\Uncopyable.h">
      <Filter>Header Files</Filter>
    </ClInclude>
    <ClInclude Include="inc\ThreadLocalSingleton.hpp">
      <Filter>Header Files\ExternalLib</Filter>
    </ClInclude>
    <ClInclude Include="inc\loki\LokiExport.h">
      <Filter>Header Files\ExternalLib\Loki</Filter>
    </ClInclude>
    <ClInclude Include="inc\loki\Singleton.h">
      <Filter>Header Files\ExternalLib\Loki</Filter>
    </ClInclude>
    <ClInclude Include="inc\loki\Threads.h">
      <Filter>Header Files\ExternalLib\Loki</Filter>
    </ClInclude>
    <ClInclude Include="inc\EarlgreyProcess.h">
      <Filter>Header Files\ProcessThread</Filter>
    </ClInclude>
    <ClInclude Include="inc\Executor.h">
      <Filter>Header Files\ProcessThread</Filter>
    </ClInclude>
    <ClInclude Include="inc\Lock.h">
      <Filter>Header Files\ProcessThread</Filter>
    </ClInclude>
    <ClInclude Include="inc\Mutex.h">
      <Filter>Header Files\ProcessThread</Filter>
    </ClInclude>
    <ClInclude Include="inc\NoLock.h">
      <Filter>Header Files\ProcessThread</Filter>
    </ClInclude>
    <ClInclude Include="inc\ProcessInitializer.h">
      <Filter>Header Files\ProcessThread</Filter>
    </ClInclude>
    <ClInclude Include="inc\ProcessModule.h">
      <Filter>Header Files\ProcessThread</Filter>
    </ClInclude>
    <ClInclude Include="inc\Runnable.h">
      <Filter>Header Files\ProcessThread</Filter>
    </ClInclude>
    <ClInclude Include="inc\ScopedLock.h">
      <Filter>Header Files\ProcessThread</Filter>
    </ClInclude>
    <ClInclude Include="inc\Thread.h">
      <Filter>Header Files\ProcessThread</Filter>
    </ClInclude>
    <ClInclude Include="inc\ThreadGroup.h">
      <Filter>Header Files\ProcessThread</Filter>
    </ClInclude>
    <ClInclude Include="inc\ThreadId.h">
      <Filter>Header Files\ProcessThread</Filter>
    </ClInclude>
    <ClInclude Include="inc\ThreadLocal.hpp">
      <Filter>Header Files\ProcessThread</Filter>
    </ClInclude>
    <ClInclude Include="inc\ThreadMessage.h">
      <Filter>Header Files\ProcessThread</Filter>
    </ClInclude>
    <ClInclude Include="inc\ThreadRunnable.h">
      <Filter>Header Files\ProcessThread</Filter>
    </ClInclude>
    <ClInclude Include="inc\Timer.h">
      <Filter>Header Files\ProcessThread</Filter>
    </ClInclude>
    <ClInclude Include="inc\TimerCallback.h">
      <Filter>Header Files\ProcessThread</Filter>
    </ClInclude>
    <ClInclude Include="inc\TimerManager.h">
      <Filter>Header Files\ProcessThread</Filter>
    </ClInclude>
    <ClInclude Include="inc\TimerRunnable.h">
      <Filter>Header Files\ProcessThread</Filter>
    </ClInclude>
    <ClInclude Include="inc\EarlgreyAssert.h">
      <Filter>Header Files\Diagnostics</Filter>
    </ClInclude>
    <ClInclude Include="inc\FileVersionInfo.h">
      <Filter>Header Files\Diagnostics</Filter>
    </ClInclude>
    <ClInclude Include="inc\RuntimeCheck.h">
      <Filter>Header Files\Diagnostics</Filter>
    </ClInclude>
    <ClInclude Include="inc\StaticAssert.h">
      <Filter>Header Files\Diagnostics</Filter>
    </ClInclude>
    <ClInclude Include="inc\UserDefinedCompilerMessage.h">
      <Filter>Header Files\Diagnostics</Filter>
    </ClInclude>
    <ClInclude Include="inc\ExceptionEMailer.h">
      <Filter>Header Files\Diagnostics\UnhandledExceptionHandler</Filter>
    </ClInclude>
    <ClInclude Include="inc\GlobalExceptionHandler.h">
      <Filter>Header Files\Diagnostics\UnhandledExceptionHandler</Filter>
    </ClInclude>
    <ClInclude Include="inc\MiniDump.h">
      <Filter>Header Files\Diagnostics\UnhandledExceptionHandler</Filter>
    </ClInclude>
    <ClInclude Include="inc\StackWriter.h">
      <Filter>Header Files\Diagnostics\UnhandledExceptionHandler</Filter>
    </ClInclude>
    <ClInclude Include="inc\UnhandledExceptionHandler.h">
      <Filter>Header Files\Diagnostics\UnhandledExceptionHandler</Filter>
    </ClInclude>
    <ClInclude Include="inc\EventLog.h">
      <Filter>Header Files\Diagnostics\Log</Filter>
    </ClInclude>
    <ClInclude Include="inc\Log.h">
      <Filter>Header Files\Diagnostics\Log</Filter>
    </ClInclude>
    <ClInclude Include="inc\Logger.h">
      <Filter>Header Files\Diagnostics\Log</Filter>
    </ClInclude>
    <ClInclude Include="inc\BasicBuffer.hpp">
      <Filter>Header Files\Memory</Filter>
    </ClInclude>
    <ClInclude Include="inc\BasicBufferIterator.hpp">
      <Filter>Header Files\Memory</Filter>
    </ClInclude>
    <ClInclude Include="inc\BinaryReader.hpp">
      <Filter>Header Files\Memory</Filter>
    </ClInclude>
    <ClInclude Include="inc\BinaryWriter.hpp">
      <Filter>Header Files\Memory</Filter>
    </ClInclude>
    <ClInclude Include="inc\ChainBuffer.hpp">
      <Filter>Header Files\Memory</Filter>
    </ClInclude>
    <ClInclude Include="inc\CircularBuffer.hpp">
      <Filter>Header Files\Memory</Filter>
    </ClInclude>
    <ClInclude Include="inc\GreedyAllocator.h">
      <Filter>Header Files\Memory</Filter>
    </ClInclude>
    <ClInclude Include="inc\LFHAllocator.h">
      <Filter>Header Files\Memory</Filter>
    </ClInclude>
    <ClInclude Include="inc\MemoryAllocator.h">
      <Filter>Header Files\Memory</Filter>
    </ClInclude>
    <ClInclude Include="inc\MemoryAllocatorBase.h">
      <Filter>Header Files\Memory</Filter>
    </ClInclude>
    <ClInclude Include="inc\MemoryBlock.h">
      <Filter>Header Files\Memory</Filter>
    </ClInclude>
    <ClInclude Include="inc\MemoryConfig.h">
      <Filter>Header Files\Memory</Filter>
    </ClInclude>
    <ClInclude Include="inc\MemoryMath.h">
      <Filter>Header Files\Memory</Filter>
    </ClInclude>
    <ClInclude Include="inc\NetworkReader.hpp">
      <Filter>Header Files\Memory</Filter>
    </ClInclude>
    <ClInclude Include="inc\NetworkWriter.hpp">
      <Filter>Header Files\Memory</Filter>
    </ClInclude>
    <ClInclude Include="inc\SimpleBuffer.hpp">
      <Filter>Header Files\Memory</Filter>
    </ClInclude>
    <ClInclude Include="inc\SinglyList.h">
      <Filter>Header Files\Memory</Filter>
    </ClInclude>
    <ClInclude Include="inc\SlabAllocator.h">
      <Filter>Header Files\Memory</Filter>
    </ClInclude>
    <ClInclude Include="inc\StackAllocator.h">
      <Filter>Header Files\Memory</Filter>
    </ClInclude>
    <ClInclude Include="inc\StackMemoryManager.h">
      <Filter>Header Files\Memory</Filter>
    </ClInclude>
    <ClInclude Include="inc\StlCustomAllocator.hpp">
      <Filter>Header Files\Memory</Filter>
    </ClInclude>
    <ClInclude Include="inc\StlGreedyAllocator.hpp">
      <Filter>Header Files\Memory</Filter>
    </ClInclude>
    <ClInclude Include="inc\StlStackAllocator.hpp">
      <Filter>Header Files\Memory</Filter>
    </ClInclude>
    <ClInclude Include="inc\TBBAllocator.h">
      <Filter>Header Files\Memory</Filter>
    </ClInclude>
    <ClInclude Include="inc\ThreadLocalAllocator.h">
      <Filter>Header Files\Memory</Filter>
    </ClInclude>
    <ClInclude Include="inc\Application.h">
      <Filter>Header Files\System</Filter>
    </ClInclude>
    <ClInclude Include="inc\COMHelper.h">
      <Filter>Header Files\System</Filter>
    </ClInclude>
    <ClInclude Include="inc\Console.h">
      <Filter>Header Files\System</Filter>
    </ClInclude>
    <ClInclude Include="inc\DateTime.h">
      <Filter>Header Files\System</Filter>
    </ClInclude>
    <ClInclude Include="inc\DateTimeKind.h">
      <Filter>Header Files\System</Filter>
    </ClInclude>
    <ClInclude Include="inc\DayOfWeek.h">
      <Filter>Header Files\System</Filter>
    </ClInclude>
    <ClInclude Include="inc\Environment.h">
      <Filter>Header Files\System</Filter>
    </ClInclude>
    <ClInclude Include="inc\EventProducer.h">
      <Filter>Header Files\System</Filter>
    </ClInclude>
    <ClInclude Include="inc\File.h">
      <Filter>Header Files\System</Filter>
    </ClInclude>
    <ClInclude Include="inc\lexical_cast.hpp">
      <Filter>Header Files\System</Filter>
    </ClInclude>
    <ClInclude Include="inc\OperatingSystem.h">
      <Filter>Header Files\System</Filter>
    </ClInclude>
    <ClInclude Include="inc\Path.h">
      <Filter>Header Files\System</Filter>
    </ClInclude>
    <ClInclude Include="inc\Processor.h">
      <Filter>Header Files\System</Filter>
    </ClInclude>
    <ClInclude Include="inc\RAII.h">
      <Filter>Header Files\System</Filter>
    </ClInclude>
    <ClInclude Include="inc\Registry.h">
      <Filter>Header Files\System</Filter>
    </ClInclude>
    <ClInclude Include="inc\RegistryKey.h">
      <Filter>Header Files\System</Filter>
    </ClInclude>
    <ClInclude Include="inc\SingleAppInstance.h">
      <Filter>Header Files\System</Filter>
    </ClInclude>
    <ClInclude Include="inc\StringComparison.hpp">
      <Filter>Header Files\System</Filter>
    </ClInclude>
    <ClInclude Include="inc\StringHelper.h">
      <Filter>Header Files\System</Filter>
    </ClInclude>
    <ClInclude Include="inc\TimeSpan.h">
      <Filter>Header Files\System</Filter>
    </ClInclude>
    <ClInclude Include="inc\PowerBroadcastStatus.h">
      <Filter>Header Files\System\Win32Service</Filter>
    </ClInclude>
    <ClInclude Include="inc\ServiceBase.h">
      <Filter>Header Files\System\Win32Service</Filter>
    </ClInclude>
    <ClInclude Include="inc\ServiceHelper.h">
      <Filter>Header Files\System\Win32Service</Filter>
    </ClInclude>
    <ClInclude Include="inc\ServiceInstaller.h">
      <Filter>Header Files\System\Win32Service</Filter>
    </ClInclude>
    <ClInclude Include="inc\ServiceSettings.h">
      <Filter>Header Files\System\Win32Service</Filter>
    </ClInclude>
    <ClInclude Include="inc\PAL_Windows.h">
      <Filter>Header Files\PAL</Filter>
    </ClInclude>
    <ClInclude Include="inc\Acceptor.h">
      <Filter>Header Files\Network</Filter>
    </ClInclude>
    <ClInclude Include="inc\AddressFamily.h">
      <Filter>Header Files\Network</Filter>
    </ClInclude>
    <ClInclude Include="inc\AsyncStream.h">
      <Filter>Header Files\Network</Filter>
    </ClInclude>
    <ClInclude Include="inc\CompletionHandler.h">
      <Filter>Header Files\Network</Filter>
    </ClInclude>
    <ClInclude Include="inc\Connection.h">
      <Filter>Header Files\Network</Filter>
    </ClInclude>
    <ClInclude Include="inc\Connector.h">
      <Filter>Header Files\Network</Filter>
    </ClInclude>
    <ClInclude Include="inc\Disconnector.h">
      <Filter>Header Files\Network</Filter>
    </ClInclude>
    <ClInclude Include="inc\Dns.h">
      <Filter>Header Files\Network</Filter>
    </ClInclude>
    <ClInclude Include="inc\INetEvent.h">
      <Filter>Header Files\Network</Filter>
    </ClInclude>
    <ClInclude Include="inc\InputStream.h">
      <Filter>Header Files\Network</Filter>
    </ClInclude>
    <ClInclude Include="inc\IOCP.h">
      <Filter>Header Files\Network</Filter>
    </ClInclude>
    <ClInclude Include="inc\IPacketHandler.h">
      <Filter>Header Files\Network</Filter>
    </ClInclude>
    <ClInclude Include="inc\IPAddress.h">
      <Filter>Header Files\Network</Filter>
    </ClInclude>
    <ClInclude Include="inc\IPEndPoint.h">
      <Filter>Header Files\Network</Filter>
    </ClInclude>
    <ClInclude Include="inc\IPGlobalProperties.h">
      <Filter>Header Files\Network</Filter>
    </ClInclude>
    <ClInclude Include="inc\IPHostEntry.h">
      <Filter>Header Files\Network</Filter>
    </ClInclude>
    <ClInclude Include="inc\Listener.h">
      <Filter>Header Files\Network</Filter>
    </ClInclude>
    <ClInclude Include="inc\NetworkBuffer.h">
      <Filter>Header Files\Network</Filter>
    </ClInclude>
    <ClInclude Include="inc\OutputStream.h">
      <Filter>Header Files\Network</Filter>
    </ClInclude>
    <ClInclude Include="inc\PacketHandler.h">
      <Filter>Header Files\Network</Filter>
    </ClInclude>
    <ClInclude Include="inc\Proactor.h">
      <Filter>Header Files\Network</Filter>
    </ClInclude>
    <ClInclude Include="inc\ProtocolType.h">
      <Filter>Header Files\Network</Filter>
    </ClInclude>
    <ClInclude Include="inc\Receiver.h">
      <Filter>Header Files\Network</Filter>
    </ClInclude>
    <ClInclude Include="inc\Sender.h">
      <Filter>Header Files\Network</Filter>
    </ClInclude>
    <ClInclude Include="inc\Socket.h">
      <Filter>Header Files\Network</Filter>
    </ClInclude>
    <ClInclude Include="inc\SocketHelper.h">
      <Filter>Header Files\Network</Filter>
    </ClInclude>
    <ClInclude Include="inc\SocketType.h">
      <Filter>Header Files\Network</Filter>
    </ClInclude>
    <ClInclude Include="inc\SystemTcpStatistics.h">
      <Filter>Header Files\Network</Filter>
    </ClInclude>
    <ClInclude Include="inc\TcpListener.h">
      <Filter>Header Files\Network</Filter>
    </ClInclude>
    <ClInclude Include="inc\WaitEvent.h">
      <Filter>Header Files\Network</Filter>
    </ClInclude>
    <ClInclude Include="inc\WindowsFirewall.h">
      <Filter>Header Files\Network</Filter>
    </ClInclude>
    <ClInclude Include="inc\Attachment.h">
      <Filter>Header Files\Network\Mail</Filter>
    </ClInclude>
    <ClInclude Include="inc\MailAddress.h">
      <Filter>Header Files\Network\Mail</Filter>
    </ClInclude>
    <ClInclude Include="inc\MailMessage.h">
      <Filter>Header Files\Network\Mail</Filter>
    </ClInclude>
    <ClInclude Include="inc\SmtpClient.h">
      <Filter>Header Files\Network\Mail</Filter>
    </ClInclude>
    <ClInclude Include="inc\lockfree.h">
      <Filter>Header Files\Algorithm</Filter>
    </ClInclude>
    <ClInclude Include="inc\LockfreePointer.h">
      <Filter>Header Files\Algorithm</Filter>
    </ClInclude>
    <ClInclude Include="inc\LockfreeQueue.hpp">
      <Filter>Header Files\Algorithm</Filter>
    </ClInclude>
    <ClInclude Include="inc\LockfreeStack.hpp">
      <Filter>Header Files\Algorithm</Filter>
    </ClInclude>
    <ClInclude Include="inc\taskqueue.h">
      <Filter>Header Files\Algorithm</Filter>
    </ClInclude>
    <ClInclude Include="inc\if_.hpp">
      <Filter>Header Files\Metaprogramming</Filter>
    </ClInclude>
    <ClInclude Include="inc\EarlgreyMath.h">
      <Filter>Header Files\Math</Filter>
    </ClInclude>
    <ClInclude Include="inc\numeric_cast.hpp">
      <Filter>Header Files\Math</Filter>
    </ClInclude>
    <ClInclude Include="inc\shared_ptr_helper.h">
      <Filter>Header Files\StlCustom</Filter>
    </ClInclude>
    <ClInclude Include="inc\tios.h">
      <Filter>Header Files\StlCustom</Filter>
    </ClInclude>
    <ClInclude Include="inc\tiostream.h">
      <Filter>Header Files\StlCustom</Filter>
    </ClInclude>
    <ClInclude Include="inc\tsstream.h">
      <Filter>Header Files\StlCustom</Filter>
    </ClInclude>
    <ClInclude Include="inc\tstring.h">
      <Filter>Header Files\StlCustom</Filter>
    </ClInclude>
    <ClInclude Include="inc\txsstream.h">
      <Filter>Header Files\StlCustom</Filter>
    </ClInclude>
    <ClInclude Include="inc\txstring.h">
      <Filter>Header Files\StlCustom</Filter>
    </ClInclude>
    <ClInclude Include="inc\xdeque.h">
      <Filter>Header Files\StlCustom</Filter>
    </ClInclude>
    <ClInclude Include="inc\xlist.h">
      <Filter>Header Files\StlCustom</Filter>
    </ClInclude>
    <ClInclude Include="inc\xmap.h">
      <Filter>Header Files\StlCustom</Filter>
    </ClInclude>
    <ClInclude Include="inc\xqueue.h">
      <Filter>Header Files\StlCustom</Filter>
    </ClInclude>
    <ClInclude Include="inc\xset.h">
      <Filter>Header Files\StlCustom</Filter>
    </ClInclude>
    <ClInclude Include="inc\xstack.h">
      <Filter>Header Files\StlCustom</Filter>
    </ClInclude>
    <ClInclude Include="inc\xvector.h">
      <Filter>Header Files\StlCustom</Filter>
    </ClInclude>
    <ClInclude Include="inc\AppSettings.h">
      <Filter>Header Files\Configuration</Filter>
    </ClInclude>
    <ClInclude Include="inc\DefaultAppSettings.h">
      <Filter>Header Files\Configuration</Filter>
    </ClInclude>
    <ClInclude Include="inc\IniReader.h">
      <Filter>Header Files\Configuration</Filter>
    </ClInclude>
    <ClInclude Include="inc\IniSection.h">
      <Filter>Header Files\Configuration</Filter>
    </ClInclude>
    <ClInclude Include="inc\Convert.hpp">
      <Filter>Header Files\Text</Filter>
    </ClInclude>
    <ClInclude Include="inc\MD5.h">
      <Filter>Header Files\Security</Filter>
    </ClInclude>
    <ClInclude Include="inc\tfstream.h">
      <Filter>Header Files\StlCustom</Filter>
    </ClInclude>
  </ItemGroup>
  <ItemGroup>
    <ResourceCompile Include="EargreyResources.rc">
      <Filter>Resource Files</Filter>
    </ResourceCompile>
  </ItemGroup>
  <ItemGroup>
    <None Include="ReadMe.txt" />
  </ItemGroup>
</Project>