<?xml version="1.0" encoding="utf-8"?>
<Project ToolsVersion="4.0" xmlns="http://schemas.microsoft.com/developer/msbuild/2003">
  <ItemGroup>
    <Filter Include="소스 파일">
      <UniqueIdentifier>{4FC737F1-C7A5-4376-A066-2A32D752A2FF}</UniqueIdentifier>
      <Extensions>cpp;c;cc;cxx;def;odl;idl;hpj;bat;asm;asmx</Extensions>
    </Filter>
    <Filter Include="소스 파일\ADO">
      <UniqueIdentifier>{699b8dd5-9835-456d-a779-f800de5dd70b}</UniqueIdentifier>
    </Filter>
    <Filter Include="소스 파일\ADO\Temp">
      <UniqueIdentifier>{b5b1edc1-e41b-4f5a-8e70-2e09c29103ba}</UniqueIdentifier>
    </Filter>
    <Filter Include="소스 파일\Main">
      <UniqueIdentifier>{df5714f2-eecd-4bb3-9bc5-2366ad068343}</UniqueIdentifier>
    </Filter>
    <Filter Include="헤더 파일">
      <UniqueIdentifier>{93995380-89BD-4b04-88EB-625FBE52EBFB}</UniqueIdentifier>
      <Extensions>h;hpp;hxx;hm;inl;inc;xsd</Extensions>
    </Filter>
    <Filter Include="헤더 파일\Main">
      <UniqueIdentifier>{b8196847-1b28-43c1-ace8-17335f253f48}</UniqueIdentifier>
    </Filter>
    <Filter Include="헤더 파일\ADO">
      <UniqueIdentifier>{937c607f-84a7-48bd-a09e-23758080bb54}</UniqueIdentifier>
    </Filter>
    <Filter Include="리소스 파일">
      <UniqueIdentifier>{67DA6AB6-F800-4c08-8B7A-83BB121AAD01}</UniqueIdentifier>
      <Extensions>rc;ico;cur;bmp;dlg;rc2;rct;bin;rgs;gif;jpg;jpeg;jpe;resx;tiff;tif;png;wav</Extensions>
    </Filter>
  </ItemGroup>
  <ItemGroup>
    <ClCompile Include="src\stdafx.cpp">
      <Filter>소스 파일</Filter>
    </ClCompile>
    <ClCompile Include="src\ADOCastTest.cpp">
      <Filter>소스 파일\ADO</Filter>
    </ClCompile>
    <ClCompile Include="src\ADOCommandTest.cpp">
      <Filter>소스 파일\ADO</Filter>
    </ClCompile>
    <ClCompile Include="src\ADOConnectionTest.cpp">
      <Filter>소스 파일\ADO</Filter>
    </ClCompile>
    <ClCompile Include="src\ADOEnvironmentTest.cpp">
      <Filter>소스 파일\ADO</Filter>
    </ClCompile>
    <ClCompile Include="src\ADOParameterTest.cpp">
      <Filter>소스 파일\ADO</Filter>
    </ClCompile>
    <ClCompile Include="src\ADOTransactionTest.cpp">
      <Filter>소스 파일\ADO</Filter>
    </ClCompile>
    <ClCompile Include="src\ADOTimeSpanTest.cpp">
      <Filter>소스 파일\ADO\Temp</Filter>
    </ClCompile>
    <ClCompile Include="src\DatabaseTestAppSettings.cpp">
      <Filter>소스 파일\Main</Filter>
    </ClCompile>
    <ClCompile Include="src\Program.cpp">
      <Filter>소스 파일\Main</Filter>
    </ClCompile>
  </ItemGroup>
  <ItemGroup>
    <ClInclude Include="resource.h">
      <Filter>헤더 파일</Filter>
    </ClInclude>
    <ClInclude Include="inc\stdafx.h">
      <Filter>헤더 파일</Filter>
    </ClInclude>
    <ClInclude Include="inc\targetver.h">
      <Filter>헤더 파일</Filter>
    </ClInclude>
    <ClInclude Include="inc\DatabaseTestAppSettings.h">
      <Filter>헤더 파일\Main</Filter>
    </ClInclude>
    <ClInclude Include="inc\ADOEnvironmentTest.h">
      <Filter>헤더 파일\ADO</Filter>
    </ClInclude>
  </ItemGroup>
  <ItemGroup>
    <None Include="Earlgrey.Database.Test.ini">
      <Filter>리소스 파일</Filter>
    </None>
    <None Include="MSSQL-Tables.sql">
      <Filter>리소스 파일</Filter>
    </None>
    <None Include="ReadMe.txt" />
  </ItemGroup>
  <ItemGroup>
    <ResourceCompile Include="Resources.rc">
      <Filter>리소스 파일</Filter>
    </ResourceCompile>
  </ItemGroup>
</Project>